// !$*UTF8*$!
{
	archiveVersion = 1;
	classes = {
	};
	objectVersion = 56;
	objects = {

/* Begin PBXBuildFile section */
		BA3224872FD8C25500C2CB83 /* SearchLocarionUseCase.swift in Sources */ = {isa = PBXBuildFile; fileRef = BA3224862FD8C25500C2CB83 /* SearchLocarionUseCase.swift */; };
		BA3224892FD8C27400C2CB83 /* SaveLocationUseCase.swift in Sources */ = {isa = PBXBuildFile; fileRef = BA3224882FD8C27400C2CB83 /* SaveLocationUseCase.swift */; };
		BA32248B2FD8C29700C2CB83 /* FetchSavedLocationsUseCase.swift in Sources */ = {isa = PBXBuildFile; fileRef = BA32248A2FD8C29700C2CB83 /* FetchSavedLocationsUseCase.swift */; };
		BA32248D2FD8C2B000C2CB83 /* DeleteLocationUseCase.swift in Sources */ = {isa = PBXBuildFile; fileRef = BA32248C2FD8C2B000C2CB83 /* DeleteLocationUseCase.swift */; };
		BA32248F2FD8C2E300C2CB83 /* DIContainer.swift in Sources */ = {isa = PBXBuildFile; fileRef = BA32248E2FD8C2E300C2CB83 /* DIContainer.swift */; };
		BA3224912FD8C33600C2CB83 /* FetchForecastHoursUseCase.swift in Sources */ = {isa = PBXBuildFile; fileRef = BA3224902FD8C33600C2CB83 /* FetchForecastHoursUseCase.swift */; };
		BA86B3042FD353790061B10A /* NasmahApp.swift in Sources */ = {isa = PBXBuildFile; fileRef = BA86B3032FD353790061B10A /* NasmahApp.swift */; };
		BA86B3082FD3537A0061B10A /* Assets.xcassets in Resources */ = {isa = PBXBuildFile; fileRef = BA86B3072FD3537A0061B10A /* Assets.xcassets */; };
		BA86B30B2FD3537A0061B10A /* Preview Assets.xcassets in Resources */ = {isa = PBXBuildFile; fileRef = BA86B30A2FD3537A0061B10A /* Preview Assets.xcassets */; };
		BA86B3252FD3561A0061B10A /* HomeView.swift in Sources */ = {isa = PBXBuildFile; fileRef = BA86B3242FD3561A0061B10A /* HomeView.swift */; };
		BA86B32F2FD357130061B10A /* test.swift in Sources */ = {isa = PBXBuildFile; fileRef = BA86B32E2FD357130061B10A /* test.swift */; };
		BA86B3332FD357350061B10A /* File.swift in Sources */ = {isa = PBXBuildFile; fileRef = BA86B3322FD357350061B10A /* File.swift */; };
		BA86B3472FD35A9A0061B10A /* Persistence.swift in Sources */ = {isa = PBXBuildFile; fileRef = BA86B3462FD35A9A0061B10A /* Persistence.swift */; };
		BA86B34A2FD35AC80061B10A /* Nasmah.xcdatamodeld in Sources */ = {isa = PBXBuildFile; fileRef = BA86B3482FD35AC80061B10A /* Nasmah.xcdatamodeld */; };
		BA86B34C2FD35B520061B10A /* Config.swift in Sources */ = {isa = PBXBuildFile; fileRef = BA86B34B2FD35B520061B10A /* Config.swift */; };
		BA86B34E2FD35B680061B10A /* File2.swift in Sources */ = {isa = PBXBuildFile; fileRef = BA86B34D2FD35B680061B10A /* File2.swift */; };
		BA86B3502FD35B7A0061B10A /* FetchWeatherUseCase.swift in Sources */ = {isa = PBXBuildFile; fileRef = BA86B34F2FD35B7A0061B10A /* FetchWeatherUseCase.swift */; };
		BA86B3522FD35B8B0061B10A /* WeatherRepository.swift in Sources */ = {isa = PBXBuildFile; fileRef = BA86B3512FD35B8B0061B10A /* WeatherRepository.swift */; };
		BA86B3542FD35B9C0061B10A /* WeatherEntity.swift in Sources */ = {isa = PBXBuildFile; fileRef = BA86B3532FD35B9C0061B10A /* WeatherEntity.swift */; };
		BA86B3562FD35BB00061B10A /* CoreDataManager.swift in Sources */ = {isa = PBXBuildFile; fileRef = BA86B3552FD35BB00061B10A /* CoreDataManager.swift */; };
		BA86B3582FD35BBF0061B10A /* WeatherAPIService.swift in Sources */ = {isa = PBXBuildFile; fileRef = BA86B3572FD35BBF0061B10A /* WeatherAPIService.swift */; };
		BA86B35A2FD35BD80061B10A /* WeatherRepositoryImpl.swift in Sources */ = {isa = PBXBuildFile; fileRef = BA86B3592FD35BD80061B10A /* WeatherRepositoryImpl.swift */; };
		BA86B35C2FD35BF60061B10A /* WeatherResponseDTO.swift in Sources */ = {isa = PBXBuildFile; fileRef = BA86B35B2FD35BF60061B10A /* WeatherResponseDTO.swift */; };
		BA86B3712FD35BF60061B10A /* SearchResultDTO.swift in Sources */ = {isa = PBXBuildFile; fileRef = BA86B3702FD35BF60061B10A /* SearchResultDTO.swift */; };
		BA86B3732FD35BF60061B10A /* SavedLocationsRepositoryImpl.swift in Sources */ = {isa = PBXBuildFile; fileRef = BA86B3722FD35BF60061B10A /* SavedLocationsRepositoryImpl.swift */; };
		BA86B3752FD35BF60061B10A /* SavedLocationsRepository.swift in Sources */ = {isa = PBXBuildFile; fileRef = BA86B3742FD35BF60061B10A /* SavedLocationsRepository.swift */; };
		BA86B3812FD35BF60061B10A /* ForecastDayEntity.swift in Sources */ = {isa = PBXBuildFile; fileRef = BA86B3802FD35BF60061B10A /* ForecastDayEntity.swift */; };
		BA86B3832FD35BF60061B10A /* HourEntity.swift in Sources */ = {isa = PBXBuildFile; fileRef = BA86B3822FD35BF60061B10A /* HourEntity.swift */; };
		BA86B3852FD35BF60061B10A /* SavedLocation.swift in Sources */ = {isa = PBXBuildFile; fileRef = BA86B3842FD35BF60061B10A /* SavedLocation.swift */; };
		BA86B3872FD35BF60061B10A /* SearchResult.swift in Sources */ = {isa = PBXBuildFile; fileRef = BA86B3862FD35BF60061B10A /* SearchResult.swift */; };
/* End PBXBuildFile section */

/* Begin PBXFileReference section */
		BA3224862FD8C25500C2CB83 /* SearchLocarionUseCase.swift */ = {isa = PBXFileReference; lastKnownFileType = sourcecode.swift; path = SearchLocarionUseCase.swift; sourceTree = "<group>"; };
		BA3224882FD8C27400C2CB83 /* SaveLocationUseCase.swift */ = {isa = PBXFileReference; lastKnownFileType = sourcecode.swift; path = SaveLocationUseCase.swift; sourceTree = "<group>"; };
		BA32248A2FD8C29700C2CB83 /* FetchSavedLocationsUseCase.swift */ = {isa = PBXFileReference; lastKnownFileType = sourcecode.swift; path = FetchSavedLocationsUseCase.swift; sourceTree = "<group>"; };
		BA32248C2FD8C2B000C2CB83 /* DeleteLocationUseCase.swift */ = {isa = PBXFileReference; lastKnownFileType = sourcecode.swift; path = DeleteLocationUseCase.swift; sourceTree = "<group>"; };
		BA32248E2FD8C2E300C2CB83 /* DIContainer.swift */ = {isa = PBXFileReference; lastKnownFileType = sourcecode.swift; path = DIContainer.swift; sourceTree = "<group>"; };
		BA3224902FD8C33600C2CB83 /* FetchForecastHoursUseCase.swift */ = {isa = PBXFileReference; lastKnownFileType = sourcecode.swift; path = FetchForecastHoursUseCase.swift; sourceTree = "<group>"; };
		BA86B3002FD353790061B10A /* Nasmah.app */ = {isa = PBXFileReference; explicitFileType = wrapper.application; includeInIndex = 0; path = Nasmah.app; sourceTree = BUILT_PRODUCTS_DIR; };
		BA86B3032FD353790061B10A /* NasmahApp.swift */ = {isa = PBXFileReference; lastKnownFileType = sourcecode.swift; path = NasmahApp.swift; sourceTree = "<group>"; };
		BA86B3072FD3537A0061B10A /* Assets.xcassets */ = {isa = PBXFileReference; lastKnownFileType = folder.assetcatalog; path = Assets.xcassets; sourceTree = "<group>"; };
		BA86B30A2FD3537A0061B10A /* Preview Assets.xcassets */ = {isa = PBXFileReference; lastKnownFileType = folder.assetcatalog; path = "Preview Assets.xcassets"; sourceTree = "<group>"; };
		BA86B3242FD3561A0061B10A /* HomeView.swift */ = {isa = PBXFileReference; lastKnownFileType = sourcecode.swift; path = HomeView.swift; sourceTree = "<group>"; };
		BA86B32E2FD357130061B10A /* test.swift */ = {isa = PBXFileReference; lastKnownFileType = sourcecode.swift; path = test.swift; sourceTree = "<group>"; };
		BA86B3322FD357350061B10A /* File.swift */ = {isa = PBXFileReference; lastKnownFileType = sourcecode.swift; path = File.swift; sourceTree = "<group>"; };
		BA86B3462FD35A9A0061B10A /* Persistence.swift */ = {isa = PBXFileReference; lastKnownFileType = sourcecode.swift; path = Persistence.swift; sourceTree = "<group>"; };
		BA86B3492FD35AC80061B10A /* Nasmah.xcdatamodel */ = {isa = PBXFileReference; lastKnownFileType = wrapper.xcdatamodel; path = Nasmah.xcdatamodel; sourceTree = "<group>"; };
		BA86B34B2FD35B520061B10A /* Config.swift */ = {isa = PBXFileReference; lastKnownFileType = sourcecode.swift; path = Config.swift; sourceTree = "<group>"; };
		BA86B34D2FD35B680061B10A /* File2.swift */ = {isa = PBXFileReference; lastKnownFileType = sourcecode.swift; path = File2.swift; sourceTree = "<group>"; };
		BA86B34F2FD35B7A0061B10A /* FetchWeatherUseCase.swift */ = {isa = PBXFileReference; lastKnownFileType = sourcecode.swift; path = FetchWeatherUseCase.swift; sourceTree = "<group>"; };
		BA86B3512FD35B8B0061B10A /* WeatherRepository.swift */ = {isa = PBXFileReference; lastKnownFileType = sourcecode.swift; path = WeatherRepository.swift; sourceTree = "<group>"; };
		BA86B3532FD35B9C0061B10A /* WeatherEntity.swift */ = {isa = PBXFileReference; lastKnownFileType = sourcecode.swift; path = WeatherEntity.swift; sourceTree = "<group>"; };
		BA86B3552FD35BB00061B10A /* CoreDataManager.swift */ = {isa = PBXFileReference; lastKnownFileType = sourcecode.swift; path = CoreDataManager.swift; sourceTree = "<group>"; };
		BA86B3572FD35BBF0061B10A /* WeatherAPIService.swift */ = {isa = PBXFileReference; lastKnownFileType = sourcecode.swift; path = WeatherAPIService.swift; sourceTree = "<group>"; };
		BA86B3592FD35BD80061B10A /* WeatherRepositoryImpl.swift */ = {isa = PBXFileReference; lastKnownFileType = sourcecode.swift; path = WeatherRepositoryImpl.swift; sourceTree = "<group>"; };
		BA86B35B2FD35BF60061B10A /* WeatherResponseDTO.swift */ = {isa = PBXFileReference; lastKnownFileType = sourcecode.swift; path = WeatherResponseDTO.swift; sourceTree = "<group>"; };
		BA86B3702FD35BF60061B10A /* SearchResultDTO.swift */ = {isa = PBXFileReference; lastKnownFileType = sourcecode.swift; path = SearchResultDTO.swift; sourceTree = "<group>"; };
		BA86B3722FD35BF60061B10A /* SavedLocationsRepositoryImpl.swift */ = {isa = PBXFileReference; lastKnownFileType = sourcecode.swift; path = SavedLocationsRepositoryImpl.swift; sourceTree = "<group>"; };
		BA86B3742FD35BF60061B10A /* SavedLocationsRepository.swift */ = {isa = PBXFileReference; lastKnownFileType = sourcecode.swift; path = SavedLocationsRepository.swift; sourceTree = "<group>"; };
		BA86B3802FD35BF60061B10A /* ForecastDayEntity.swift */ = {isa = PBXFileReference; lastKnownFileType = sourcecode.swift; path = ForecastDayEntity.swift; sourceTree = "<group>"; };
		BA86B3822FD35BF60061B10A /* HourEntity.swift */ = {isa = PBXFileReference; lastKnownFileType = sourcecode.swift; path = HourEntity.swift; sourceTree = "<group>"; };
		BA86B3842FD35BF60061B10A /* SavedLocation.swift */ = {isa = PBXFileReference; lastKnownFileType = sourcecode.swift; path = SavedLocation.swift; sourceTree = "<group>"; };
		BA86B3862FD35BF60061B10A /* SearchResult.swift */ = {isa = PBXFileReference; lastKnownFileType = sourcecode.swift; path = SearchResult.swift; sourceTree = "<group>"; };
/* End PBXFileReference section */

/* Begin PBXFrameworksBuildPhase section */
		BA86B2FD2FD353790061B10A /* Frameworks */ = {
			isa = PBXFrameworksBuildPhase;
			buildActionMask = 2147483647;
			files = (
			);
			runOnlyForDeploymentPostprocessing = 0;
		};
/* End PBXFrameworksBuildPhase section */

/* Begin PBXGroup section */
		BA86B2F72FD353790061B10A = {
			isa = PBXGroup;
			children = (
				BA86B3022FD353790061B10A /* Nasmah */,
				BA86B3012FD353790061B10A /* Products */,
			);
			sourceTree = "<group>";
		};
		BA86B3012FD353790061B10A /* Products */ = {
			isa = PBXGroup;
			children = (
				BA86B3002FD353790061B10A /* Nasmah.app */,
			);
			name = Products;
			sourceTree = "<group>";
		};
		BA86B3022FD353790061B10A /* Nasmah */ = {
			isa = PBXGroup;
			children = (
				BA86B3162FD355190061B10A /* App */,
				BA86B3182FD3553A0061B10A /* Core */,
				BA86B31E2FD3557B0061B10A /* Presentation */,
				BA86B31D2FD355750061B10A /* Domain */,
				BA86B31C2FD3556F0061B10A /* Data */,
				BA86B3212FD355A80061B10A /* Resources */,
				BA86B3092FD3537A0061B10A /* Preview Content */,
			);
			path = Nasmah;
			sourceTree = "<group>";
		};
		BA86B3092FD3537A0061B10A /* Preview Content */ = {
			isa = PBXGroup;
			children = (
				BA86B30A2FD3537A0061B10A /* Preview Assets.xcassets */,
			);
			path = "Preview Content";
			sourceTree = "<group>";
		};
		BA86B3162FD355190061B10A /* App */ = {
			isa = PBXGroup;
			children = (
				BA86B3032FD353790061B10A /* NasmahApp.swift */,
			);
			path = App;
			sourceTree = "<group>";
		};
		BA86B3182FD3553A0061B10A /* Core */ = {
			isa = PBXGroup;
			children = (
				BA86B3452FD358160061B10A /* Database */,
				BA86B31B2FD3555D0061B10A /* Utils */,
				BA86B31A2FD3554F0061B10A /* Constants */,
				BA86B3192FD355430061B10A /* Network */,
			);
			path = Core;
			sourceTree = "<group>";
		};
		BA86B3192FD355430061B10A /* Network */ = {
			isa = PBXGroup;
			children = (
				BA86B3322FD357350061B10A /* File.swift */,
			);
			path = Network;
			sourceTree = "<group>";
		};
		BA86B31A2FD3554F0061B10A /* Constants */ = {
			isa = PBXGroup;
			children = (
				BA86B34B2FD35B520061B10A /* Config.swift */,
			);
			path = Constants;
			sourceTree = "<group>";
		};
		BA86B31B2FD3555D0061B10A /* Utils */ = {
			isa = PBXGroup;
			children = (
				BA86B32E2FD357130061B10A /* test.swift */,
				BA32248E2FD8C2E300C2CB83 /* DIContainer.swift */,
			);
			path = Utils;
			sourceTree = "<group>";
		};
		BA86B31C2FD3556F0061B10A /* Data */ = {
			isa = PBXGroup;
			children = (
				BA86B32B2FD356940061B10A /* DataSources */,
				BA86B32A2FD356720061B10A /* Repositories */,
				BA86B3292FD356670061B10A /* DTOs */,
			);
			path = Data;
			sourceTree = "<group>";
		};
		BA86B31D2FD355750061B10A /* Domain */ = {
			isa = PBXGroup;
			children = (
				BA86B3282FD356560061B10A /* UseCases */,
				BA86B3272FD356440061B10A /* Repositories */,
				BA86B3262FD356360061B10A /* Entities */,
			);
			path = Domain;
			sourceTree = "<group>";
		};
		BA86B31E2FD3557B0061B10A /* Presentation */ = {
			isa = PBXGroup;
			children = (
				BA86B31F2FD355860061B10A /* Screens */,
				BA86B3202FD3558D0061B10A /* Components */,
			);
			path = Presentation;
			sourceTree = "<group>";
		};
		BA86B31F2FD355860061B10A /* Screens */ = {
			isa = PBXGroup;
			children = (
				BA86B3232FD356020061B10A /* Home */,
			);
			path = Screens;
			sourceTree = "<group>";
		};
		BA86B3202FD3558D0061B10A /* Components */ = {
			isa = PBXGroup;
			children = (
				BA86B34D2FD35B680061B10A /* File2.swift */,
			);
			path = Components;
			sourceTree = "<group>";
		};
		BA86B3212FD355A80061B10A /* Resources */ = {
			isa = PBXGroup;
			children = (
				BA86B3072FD3537A0061B10A /* Assets.xcassets */,
			);
			path = Resources;
			sourceTree = "<group>";
		};
		BA86B3232FD356020061B10A /* Home */ = {
			isa = PBXGroup;
			children = (
				BA86B3242FD3561A0061B10A /* HomeView.swift */,
			);
			path = Home;
			sourceTree = "<group>";
		};
		BA86B3262FD356360061B10A /* Entities */ = {
			isa = PBXGroup;
			children = (
				BA86B3532FD35B9C0061B10A /* WeatherEntity.swift */,
				BA86B3802FD35BF60061B10A /* ForecastDayEntity.swift */,
				BA86B3822FD35BF60061B10A /* HourEntity.swift */,
				BA86B3842FD35BF60061B10A /* SavedLocation.swift */,
				BA86B3862FD35BF60061B10A /* SearchResult.swift */,
			);
			path = Entities;
			sourceTree = "<group>";
		};
		BA86B3272FD356440061B10A /* Repositories */ = {
			isa = PBXGroup;
			children = (
				BA86B3512FD35B8B0061B10A /* WeatherRepository.swift */,
				BA86B3742FD35BF60061B10A /* SavedLocationsRepository.swift */,
			);
			path = Repositories;
			sourceTree = "<group>";
		};
		BA86B3282FD356560061B10A /* UseCases */ = {
			isa = PBXGroup;
			children = (
				BA86B34F2FD35B7A0061B10A /* FetchWeatherUseCase.swift */,
				BA3224862FD8C25500C2CB83 /* SearchLocarionUseCase.swift */,
				BA3224882FD8C27400C2CB83 /* SaveLocationUseCase.swift */,
				BA32248A2FD8C29700C2CB83 /* FetchSavedLocationsUseCase.swift */,
				BA32248C2FD8C2B000C2CB83 /* DeleteLocationUseCase.swift */,
				BA3224902FD8C33600C2CB83 /* FetchForecastHoursUseCase.swift */,
			);
			path = UseCases;
			sourceTree = "<group>";
		};
		BA86B3292FD356670061B10A /* DTOs */ = {
			isa = PBXGroup;
			children = (
				BA86B35B2FD35BF60061B10A /* WeatherResponseDTO.swift */,
				BA86B3702FD35BF60061B10A /* SearchResultDTO.swift */,
			);
			path = DTOs;
			sourceTree = "<group>";
		};
		BA86B32A2FD356720061B10A /* Repositories */ = {
			isa = PBXGroup;
			children = (
				BA86B3592FD35BD80061B10A /* WeatherRepositoryImpl.swift */,
				BA86B3722FD35BF60061B10A /* SavedLocationsRepositoryImpl.swift */,
			);
			path = Repositories;
			sourceTree = "<group>";
		};
		BA86B32B2FD356940061B10A /* DataSources */ = {
			isa = PBXGroup;
			children = (
				BA86B32D2FD356C60061B10A /* Local */,
				BA86B32C2FD356BE0061B10A /* Remote */,
			);
			path = DataSources;
			sourceTree = "<group>";
		};
		BA86B32C2FD356BE0061B10A /* Remote */ = {
			isa = PBXGroup;
			children = (
				BA86B3572FD35BBF0061B10A /* WeatherAPIService.swift */,
			);
			path = Remote;
			sourceTree = "<group>";
		};
		BA86B32D2FD356C60061B10A /* Local */ = {
			isa = PBXGroup;
			children = (
				BA86B3552FD35BB00061B10A /* CoreDataManager.swift */,
			);
			path = Local;
			sourceTree = "<group>";
		};
		BA86B3452FD358160061B10A /* Database */ = {
			isa = PBXGroup;
			children = (
				BA86B3462FD35A9A0061B10A /* Persistence.swift */,
				BA86B3482FD35AC80061B10A /* Nasmah.xcdatamodeld */,
			);
			path = Database;
			sourceTree = "<group>";
		};
/* End PBXGroup section */

/* Begin PBXNativeTarget section */
		BA86B2FF2FD353790061B10A /* Nasmah */ = {
			isa = PBXNativeTarget;
			buildConfigurationList = BA86B3132FD3537A0061B10A /* Build configuration list for PBXNativeTarget "Nasmah" */;
			buildPhases = (
				BA86B2FC2FD353790061B10A /* Sources */,
				BA86B2FD2FD353790061B10A /* Frameworks */,
				BA86B2FE2FD353790061B10A /* Resources */,
			);
			buildRules = (
			);
			dependencies = (
			);
			name = Nasmah;
			productName = Nasmah;
			productReference = BA86B3002FD353790061B10A /* Nasmah.app */;
			productType = "com.apple.product-type.application";
		};
/* End PBXNativeTarget section */

/* Begin PBXProject section */
		BA86B2F82FD353790061B10A /* Project object */ = {
			isa = PBXProject;
			attributes = {
				BuildIndependentTargetsInParallel = 1;
				LastSwiftUpdateCheck = 1430;
				LastUpgradeCheck = 1430;
				TargetAttributes = {
					BA86B2FF2FD353790061B10A = {
						CreatedOnToolsVersion = 14.3;
					};
				};
			};
			buildConfigurationList = BA86B2FB2FD353790061B10A /* Build configuration list for PBXProject "Nasmah" */;
			compatibilityVersion = "Xcode 14.0";
			developmentRegion = en;
			hasScannedForEncodings = 0;
			knownRegions = (
				en,
				Base,
			);
			mainGroup = BA86B2F72FD353790061B10A;
			productRefGroup = BA86B3012FD353790061B10A /* Products */;
			projectDirPath = "";
			projectRoot = "";
			targets = (
				BA86B2FF2FD353790061B10A /* Nasmah */,
			);
		};
/* End PBXProject section */

/* Begin PBXResourcesBuildPhase section */
		BA86B2FE2FD353790061B10A /* Resources */ = {
			isa = PBXResourcesBuildPhase;
			buildActionMask = 2147483647;
			files = (
				BA86B30B2FD3537A0061B10A /* Preview Assets.xcassets in Resources */,
				BA86B3082FD3537A0061B10A /* Assets.xcassets in Resources */,
			);
			runOnlyForDeploymentPostprocessing = 0;
		};
/* End PBXResourcesBuildPhase section */

/* Begin PBXSourcesBuildPhase section */
		BA86B2FC2FD353790061B10A /* Sources */ = {
			isa = PBXSourcesBuildPhase;
			buildActionMask = 2147483647;
			files = (
				BA86B3522FD35B8B0061B10A /* WeatherRepository.swift in Sources */,
				BA86B35C2FD35BF60061B10A /* WeatherResponseDTO.swift in Sources */,
				BA86B32F2FD357130061B10A /* test.swift in Sources */,
				BA86B3472FD35A9A0061B10A /* Persistence.swift in Sources */,
				BA86B3582FD35BBF0061B10A /* WeatherAPIService.swift in Sources */,
				BA32248B2FD8C29700C2CB83 /* FetchSavedLocationsUseCase.swift in Sources */,
				BA86B34E2FD35B680061B10A /* File2.swift in Sources */,
				BA86B34A2FD35AC80061B10A /* Nasmah.xcdatamodeld in Sources */,
				BA86B3042FD353790061B10A /* NasmahApp.swift in Sources */,
				BA86B3542FD35B9C0061B10A /* WeatherEntity.swift in Sources */,
				BA86B3332FD357350061B10A /* File.swift in Sources */,
				BA86B35A2FD35BD80061B10A /* WeatherRepositoryImpl.swift in Sources */,
				BA86B3252FD3561A0061B10A /* HomeView.swift in Sources */,
				BA86B3502FD35B7A0061B10A /* FetchWeatherUseCase.swift in Sources */,
				BA3224892FD8C27400C2CB83 /* SaveLocationUseCase.swift in Sources */,
				BA32248D2FD8C2B000C2CB83 /* DeleteLocationUseCase.swift in Sources */,
				BA86B3812FD35BF60061B10A /* ForecastDayEntity.swift in Sources */,
				BA86B3832FD35BF60061B10A /* HourEntity.swift in Sources */,
				BA86B3852FD35BF60061B10A /* SavedLocation.swift in Sources */,
				BA86B3872FD35BF60061B10A /* SearchResult.swift in Sources */,
				BA86B3562FD35BB00061B10A /* CoreDataManager.swift in Sources */,
				BA3224912FD8C33600C2CB83 /* FetchForecastHoursUseCase.swift in Sources */,
				BA86B34C2FD35B520061B10A /* Config.swift in Sources */,
				BA3224872FD8C25500C2CB83 /* SearchLocarionUseCase.swift in Sources */,
				BA86B3712FD35BF60061B10A /* SearchResultDTO.swift in Sources */,
				BA86B3732FD35BF60061B10A /* SavedLocationsRepositoryImpl.swift in Sources */,
				BA32248F2FD8C2E300C2CB83 /* DIContainer.swift in Sources */,
				BA86B3752FD35BF60061B10A /* SavedLocationsRepository.swift in Sources */,
			);
			runOnlyForDeploymentPostprocessing = 0;
		};
/* End PBXSourcesBuildPhase section */

/* Begin XCBuildConfiguration section */
		BA86B3112FD3537A0061B10A /* Debug */ = {
			isa = XCBuildConfiguration;
			buildSettings = {
				ALWAYS_SEARCH_USER_PATHS = NO;
				CLANG_ANALYZER_NONNULL = YES;
				CLANG_ANALYZER_NUMBER_OBJECT_CONVERSION = YES_AGGRESSIVE;
				CLANG_CXX_LANGUAGE_STANDARD = "gnu++20";
				CLANG_ENABLE_MODULES = YES;
				CLANG_ENABLE_OBJC_ARC = YES;
				CLANG_ENABLE_OBJC_WEAK = YES;
				CLANG_WARN_BLOCK_CAPTURE_AUTORELEASING = YES;
				CLANG_WARN_BOOL_CONVERSION = YES;
				CLANG_WARN_COMMA = YES;
				CLANG_WARN_CONSTANT_CONVERSION = YES;
				CLANG_WARN_DEPRECATED_OBJC_IMPLEMENTATIONS = YES;
				CLANG_WARN_DIRECT_OBJC_ISA_USAGE = YES_ERROR;
				CLANG_WARN_DOCUMENTATION_COMMENTS = YES;
				CLANG_WARN_EMPTY_BODY = YES;
				CLANG_WARN_ENUM_CONVERSION = YES;
				CLANG_WARN_INFINITE_RECURSION = YES;
				CLANG_WARN_INT_CONVERSION = YES;
				CLANG_WARN_NON_LITERAL_NULL_CONVERSION = YES;
				CLANG_WARN_OBJC_IMPLICIT_RETAIN_SELF = YES;
				CLANG_WARN_OBJC_LITERAL_CONVERSION = YES;
				CLANG_WARN_OBJC_ROOT_CLASS = YES_ERROR;
				CLANG_WARN_QUOTED_INCLUDE_IN_FRAMEWORK_HEADER = YES;
				CLANG_WARN_RANGE_LOOP_ANALYSIS = YES;
				CLANG_WARN_STRICT_PROTOTYPES = YES;
				CLANG_WARN_SUSPICIOUS_MOVE = YES;
				CLANG_WARN_UNGUARDED_AVAILABILITY = YES_AGGRESSIVE;
				CLANG_WARN_UNREACHABLE_CODE = YES;
				CLANG_WARN__DUPLICATE_METHOD_MATCH = YES;
				COPY_PHASE_STRIP = NO;
				DEBUG_INFORMATION_FORMAT = dwarf;
				ENABLE_STRICT_OBJC_MSGSEND = YES;
				ENABLE_TESTABILITY = YES;
				GCC_C_LANGUAGE_STANDARD = gnu11;
				GCC_DYNAMIC_NO_PIC = NO;
				GCC_NO_COMMON_BLOCKS = YES;
				GCC_OPTIMIZATION_LEVEL = 0;
				GCC_PREPROCESSOR_DEFINITIONS = (
					"DEBUG=1",
					"$(inherited)",
				);
				GCC_WARN_64_TO_32_BIT_CONVERSION = YES;
				GCC_WARN_ABOUT_RETURN_TYPE = YES_ERROR;
				GCC_WARN_UNDECLARED_SELECTOR = YES;
				GCC_WARN_UNINITIALIZED_AUTOS = YES_AGGRESSIVE;
				GCC_WARN_UNUSED_FUNCTION = YES;
				GCC_WARN_UNUSED_VARIABLE = YES;
				IPHONEOS_DEPLOYMENT_TARGET = 16.4;
				MTL_ENABLE_DEBUG_INFO = INCLUDE_SOURCE;
				MTL_FAST_MATH = YES;
				ONLY_ACTIVE_ARCH = YES;
				SDKROOT = iphoneos;
				SWIFT_ACTIVE_COMPILATION_CONDITIONS = DEBUG;
				SWIFT_OPTIMIZATION_LEVEL = "-Onone";
			};
			name = Debug;
		};
		BA86B3122FD3537A0061B10A /* Release */ = {
			isa = XCBuildConfiguration;
			buildSettings = {
				ALWAYS_SEARCH_USER_PATHS = NO;
				CLANG_ANALYZER_NONNULL = YES;
				CLANG_ANALYZER_NUMBER_OBJECT_CONVERSION = YES_AGGRESSIVE;
				CLANG_CXX_LANGUAGE_STANDARD = "gnu++20";
				CLANG_ENABLE_MODULES = YES;
				CLANG_ENABLE_OBJC_ARC = YES;
				CLANG_ENABLE_OBJC_WEAK = YES;
				CLANG_WARN_BLOCK_CAPTURE_AUTORELEASING = YES;
				CLANG_WARN_BOOL_CONVERSION = YES;
				CLANG_WARN_COMMA = YES;
				CLANG_WARN_CONSTANT_CONVERSION = YES;
				CLANG_WARN_DEPRECATED_OBJC_IMPLEMENTATIONS = YES;
				CLANG_WARN_DIRECT_OBJC_ISA_USAGE = YES_ERROR;
				CLANG_WARN_DOCUMENTATION_COMMENTS = YES;
				CLANG_WARN_EMPTY_BODY = YES;
				CLANG_WARN_ENUM_CONVERSION = YES;
				CLANG_WARN_INFINITE_RECURSION = YES;
				CLANG_WARN_INT_CONVERSION = YES;
				CLANG_WARN_NON_LITERAL_NULL_CONVERSION = YES;
				CLANG_WARN_OBJC_IMPLICIT_RETAIN_SELF = YES;
				CLANG_WARN_OBJC_LITERAL_CONVERSION = YES;
				CLANG_WARN_OBJC_ROOT_CLASS = YES_ERROR;
				CLANG_WARN_QUOTED_INCLUDE_IN_FRAMEWORK_HEADER = YES;
				CLANG_WARN_RANGE_LOOP_ANALYSIS = YES;
				CLANG_WARN_STRICT_PROTOTYPES = YES;
				CLANG_WARN_SUSPICIOUS_MOVE = YES;
				CLANG_WARN_UNGUARDED_AVAILABILITY = YES_AGGRESSIVE;
				CLANG_WARN_UNREACHABLE_CODE = YES;
				CLANG_WARN__DUPLICATE_METHOD_MATCH = YES;
				COPY_PHASE_STRIP = NO;
				DEBUG_INFORMATION_FORMAT = "dwarf-with-dsym";
				ENABLE_NS_ASSERTIONS = NO;
				ENABLE_STRICT_OBJC_MSGSEND = YES;
				GCC_C_LANGUAGE_STANDARD = gnu11;
				GCC_NO_COMMON_BLOCKS = YES;
				GCC_WARN_64_TO_32_BIT_CONVERSION = YES;
				GCC_WARN_ABOUT_RETURN_TYPE = YES_ERROR;
				GCC_WARN_UNDECLARED_SELECTOR = YES;
				GCC_WARN_UNINITIALIZED_AUTOS = YES_AGGRESSIVE;
				GCC_WARN_UNUSED_FUNCTION = YES;
				GCC_WARN_UNUSED_VARIABLE = YES;
				IPHONEOS_DEPLOYMENT_TARGET = 16.4;
				MTL_ENABLE_DEBUG_INFO = NO;
				MTL_FAST_MATH = YES;
				SDKROOT = iphoneos;
				SWIFT_COMPILATION_MODE = wholemodule;
				SWIFT_OPTIMIZATION_LEVEL = "-O";
				VALIDATE_PRODUCT = YES;
			};
			name = Release;
		};
		BA86B3142FD3537A0061B10A /* Debug */ = {
			isa = XCBuildConfiguration;
			buildSettings = {
				ASSETCATALOG_COMPILER_APPICON_NAME = AppIcon;
				ASSETCATALOG_COMPILER_GLOBAL_ACCENT_COLOR_NAME = AccentColor;
				CODE_SIGN_STYLE = Automatic;
				CURRENT_PROJECT_VERSION = 1;
				DEVELOPMENT_ASSET_PATHS = "\"Nasmah/Preview Content\"";
				ENABLE_PREVIEWS = YES;
				GENERATE_INFOPLIST_FILE = YES;
				INFOPLIST_KEY_UIApplicationSceneManifest_Generation = YES;
				INFOPLIST_KEY_UIApplicationSupportsIndirectInputEvents = YES;
				INFOPLIST_KEY_UILaunchScreen_Generation = YES;
				INFOPLIST_KEY_UISupportedInterfaceOrientations_iPad = "UIInterfaceOrientationPortrait UIInterfaceOrientationPortraitUpsideDown UIInterfaceOrientationLandscapeLeft UIInterfaceOrientationLandscapeRight";
				INFOPLIST_KEY_UISupportedInterfaceOrientations_iPhone = "UIInterfaceOrientationPortrait UIInterfaceOrientationLandscapeLeft UIInterfaceOrientationLandscapeRight";
				LD_RUNPATH_SEARCH_PATHS = (
					"$(inherited)",
					"@executable_path/Frameworks",
				);
				MARKETING_VERSION = 1.0;
				PRODUCT_BUNDLE_IDENTIFIER = esraa.Nasmah;
				PRODUCT_NAME = "$(TARGET_NAME)";
				SWIFT_EMIT_LOC_STRINGS = YES;
				SWIFT_VERSION = 5.0;
				TARGETED_DEVICE_FAMILY = "1,2";
			};
			name = Debug;
		};
		BA86B3152FD3537A0061B10A /* Release */ = {
			isa = XCBuildConfiguration;
			buildSettings = {
				ASSETCATALOG_COMPILER_APPICON_NAME = AppIcon;
				ASSETCATALOG_COMPILER_GLOBAL_ACCENT_COLOR_NAME = AccentColor;
				CODE_SIGN_STYLE = Automatic;
				CURRENT_PROJECT_VERSION = 1;
				DEVELOPMENT_ASSET_PATHS = "\"Nasmah/Preview Content\"";
				ENABLE_PREVIEWS = YES;
				GENERATE_INFOPLIST_FILE = YES;
				INFOPLIST_KEY_UIApplicationSceneManifest_Generation = YES;
				INFOPLIST_KEY_UIApplicationSupportsIndirectInputEvents = YES;
				INFOPLIST_KEY_UILaunchScreen_Generation = YES;
				INFOPLIST_KEY_UISupportedInterfaceOrientations_iPad = "UIInterfaceOrientationPortrait UIInterfaceOrientationPortraitUpsideDown UIInterfaceOrientationLandscapeLeft UIInterfaceOrientationLandscapeRight";
				INFOPLIST_KEY_UISupportedInterfaceOrientations_iPhone = "UIInterfaceOrientationPortrait UIInterfaceOrientationLandscapeLeft UIInterfaceOrientationLandscapeRight";
				LD_RUNPATH_SEARCH_PATHS = (
					"$(inherited)",
					"@executable_path/Frameworks",
				);
				MARKETING_VERSION = 1.0;
				PRODUCT_BUNDLE_IDENTIFIER = esraa.Nasmah;
				PRODUCT_NAME = "$(TARGET_NAME)";
				SWIFT_EMIT_LOC_STRINGS = YES;
				SWIFT_VERSION = 5.0;
				TARGETED_DEVICE_FAMILY = "1,2";
			};
			name = Release;
		};
/* End XCBuildConfiguration section */

/* Begin XCConfigurationList section */
		BA86B2FB2FD353790061B10A /* Build configuration list for PBXProject "Nasmah" */ = {
			isa = XCConfigurationList;
			buildConfigurations = (
				BA86B3112FD3537A0061B10A /* Debug */,
				BA86B3122FD3537A0061B10A /* Release */,
			);
			defaultConfigurationIsVisible = 0;
			defaultConfigurationName = Release;
		};
		BA86B3132FD3537A0061B10A /* Build configuration list for PBXNativeTarget "Nasmah" */ = {
			isa = XCConfigurationList;
			buildConfigurations = (
				BA86B3142FD3537A0061B10A /* Debug */,
				BA86B3152FD3537A0061B10A /* Release */,
			);
			defaultConfigurationIsVisible = 0;
			defaultConfigurationName = Release;
		};
/* End XCConfigurationList section */

/* Begin XCVersionGroup section */
		BA86B3482FD35AC80061B10A /* Nasmah.xcdatamodeld */ = {
			isa = XCVersionGroup;
			children = (
				BA86B3492FD35AC80061B10A /* Nasmah.xcdatamodel */,
			);
			currentVersion = BA86B3492FD35AC80061B10A /* Nasmah.xcdatamodel */;
			path = Nasmah.xcdatamodeld;
			sourceTree = "<group>";
			versionGroupType = wrapper.xcdatamodel;
		};
/* End XCVersionGroup section */
	};
	rootObject = BA86B2F82FD353790061B10A /* Project object */;
}
