// !$*UTF8*$!
{
	archiveVersion = 1;
	classes = {
	};
	objectVersion = 56;
	objects = {

/* Begin PBXBuildFile section */
		BA3224872FD8C25500C2CB83 /* SearchLocarionUseCase.swift in Sources */ = {isa = PBXBuildFile; fileRef = BA3224862FD8C25500C2CB83 /* SearchLocarionUseCase.swift */; };
		BA3224892FD8C27400C2CB83 /* SaveLocationUseCase.swift in Sources */ = {isa = PBXBuildFile; fileRef = BA3224882FD8C27400C2CB83 /* SaveLocationUseCase.swift */; };
		BA32248B2FD8C29700C2CB83 /* FetchSavedLocationsUseCase.swift in Sources */ = {isa = PBXBuildFile; fileRef = BA32248A2FD8C29700C2CB83 /* FetchSavedLocationsUseCase.swift */; };
		BA32248D2FD8C2B000C2CB83 /* DeleteLocationUseCase.swift in Sources */ = {isa = PBXBuildFile; fileRef = BA32248C2FD8C2B000C2CB83 /* DeleteLocationUseCase.swift */; };
		BA32248F2FD8C2E300C2CB83 /* DIContainer.swift in Sources */ = {isa = PBXBuildFile; fileRef = BA32248E2FD8C2E300C2CB83 /* DIContainer.swift */; };
		BA3224912FD8C33600C2CB83 /* FetchForecastHoursUseCase.swift in Sources */ = {isa = PBXBuildFile; fileRef = BA3224902FD8C33600C2CB83 /* FetchForecastHoursUseCase.swift */; };
		BA86B3042FD353790061B10A /* NasmahApp.swift in Sources */ = {isa = PBXBuildFile; fileRef = BA86B3032FD353790061B10A /* NasmahApp.swift */; };
		BA86B3082FD3537A0061B10A /* Assets.xcassets in Resources */ = {isa = PBXBuildFile; fileRef = BA86B3072FD3537A0061B10A /* Assets.xcassets */; };
		BA86B30B2FD3537A0061B10A /* Preview Assets.xcassets in Resources */ = {isa = PBXBuildFile; fileRef = BA86B30A2FD3537A0061B10A /* Preview Assets.xcassets */; };
		BA86B3252FD3561A0061B10A /* HomeView.swift in Sources */ = {isa = PBXBuildFile; fileRef = BA86B3242FD3561A0061B10A /* HomeView.swift */; };
		BA86B3472FD35A9A0061B10A /* Persistence.swift in Sources */ = {isa = PBXBuildFile; fileRef = BA86B3462FD35A9A0061B10A /* Persistence.swift */; };
		BA86B34A2FD35AC80061B10A /* Nasmah.xcdatamodeld in Sources */ = {isa = PBXBuildFile; fileRef = BA86B3482FD35AC80061B10A /* Nasmah.xcdatamodeld */; };
		BA86B34C2FD35B520061B10A /* Config.swift in Sources */ = {isa = PBXBuildFile; fileRef = BA86B34B2FD35B520061B10A /* Config.swift */; };
		BA86B3502FD35B7A0061B10A /* FetchWeatherUseCase.swift in Sources */ = {isa = PBXBuildFile; fileRef = BA86B34F2FD35B7A0061B10A /* FetchWeatherUseCase.swift */; };
		BA86B3522FD35B8B0061B10A /* WeatherRepository.swift in Sources */ = {isa = PBXBuildFile; fileRef = BA86B3512FD35B8B0061B10A /* WeatherRepository.swift */; };
		BA86B3542FD35B9C0061B10A /* WeatherEntity.swift in Sources */ = {isa = PBXBuildFile; fileRef = BA86B3532FD35B9C0061B10A /* WeatherEntity.swift */; };
		BA86B3562FD35BB00061B10A /* CoreDataManager.swift in Sources */ = {isa = PBXBuildFile; fileRef = BA86B3552FD35BB00061B10A /* CoreDataManager.swift */; };
		BA86B3582FD35BBF0061B10A /* WeatherAPIService.swift in Sources */ = {isa = PBXBuildFile; fileRef = BA86B3572FD35BBF0061B10A /* WeatherAPIService.swift */; };
		BA86B35A2FD35BD80061B10A /* WeatherRepositoryImpl.swift in Sources */ = {isa = PBXBuildFile; fileRef = BA86B3592FD35BD80061B10A /* WeatherRepositoryImpl.swift */; };
		BA86B35C2FD35BF60061B10A /* WeatherResponseDTO.swift in Sources */ = {isa = PBXBuildFile; fileRef = BA86B35B2FD35BF60061B10A /* WeatherResponseDTO.swift */; };
		BA86B3712FD35BF60061B10A /* SearchResultDTO.swift in Sources */ = {isa = PBXBuildFile; fileRef = BA86B3702FD35BF60061B10A /* SearchResultDTO.swift */; };
		BA86B3732FD35BF60061B10A /* SavedLocationsRepositoryImpl.swift in Sources */ = {isa = PBXBuildFile; fileRef = BA86B3722FD35BF60061B10A /* SavedLocationsRepositoryImpl.swift */; };
		BA86B3752FD35BF60061B10A /* SavedLocationsRepository.swift in Sources */ = {isa = PBXBuildFile; fileRef = BA86B3742FD35BF60061B10A /* SavedLocationsRepository.swift */; };
		BA86B3812FD35BF60061B10A /* ForecastDayEntity.swift in Sources */ = {isa = PBXBuildFile; fileRef = BA86B3802FD35BF60061B10A /* ForecastDayEntity.swift */; };
		BA86B3832FD35BF60061B10A /* HourEntity.swift in Sources */ = {isa = PBXBuildFile; fileRef = BA86B3822FD35BF60061B10A /* HourEntity.swift */; };
		BA86B3852FD35BF60061B10A /* SavedLocation.swift in Sources */ = {isa = PBXBuildFile; fileRef = BA86B3842FD35BF60061B10A /* SavedLocation.swift */; };
		BA86B3872FD35BF60061B10A /* SearchResult.swift in Sources */ = {isa = PBXBuildFile; fileRef = BA86B3862FD35BF60061B10A /* SearchResult.swift */; };
		BADACB952FDA28B600AE236D /* ErrorView.swift in Sources */ = {isa = PBXBuildFile; fileRef = BADACB942FDA28B600AE236D /* ErrorView.swift */; };
		BADACB972FDA28C800AE236D /* LoadingView.swift in Sources */ = {isa = PBXBuildFile; fileRef = BADACB962FDA28C800AE236D /* LoadingView.swift */; };
		BADACB992FDA28E700AE236D /* HomeViewModel.swift in Sources */ = {isa = PBXBuildFile; fileRef = BADACB982FDA28E700AE236D /* HomeViewModel.swift */; };
		BADACB9B2FDA296F00AE236D /* Color+Hex.swift in Sources */ = {isa = PBXBuildFile; fileRef = BADACB9A2FDA296F00AE236D /* Color+Hex.swift */; };
		BADACB9D2FDA29F000AE236D /* ForecastRowView.swift in Sources */ = {isa = PBXBuildFile; fileRef = BADACB9C2FDA29F000AE236D /* ForecastRowView.swift */; };
		BADACB9F2FDA2A0200AE236D /* HourlyRowView.swift in Sources */ = {isa = PBXBuildFile; fileRef = BADACB9E2FDA2A0200AE236D /* HourlyRowView.swift */; };
		BADACBA32FDA2A3A00AE236D /* WeatherStatCard.swift in Sources */ = {isa = PBXBuildFile; fileRef = BADACBA22FDA2A3A00AE236D /* WeatherStatCard.swift */; };
		BADACBAB2FDA2E1100AE236D /* ForecastView.swift in Sources */ = {isa = PBXBuildFile; fileRef = BADACBAA2FDA2E1100AE236D /* ForecastView.swift */; };
		BADACBAD2FDA2E3800AE236D /* ForecastViewModel.swift in Sources */ = {isa = PBXBuildFile; fileRef = BADACBAC2FDA2E3800AE236D /* ForecastViewModel.swift */; };
		BADACBB32FDA2FF400AE236D /* FavoritesSheetView.swift in Sources */ = {isa = PBXBuildFile; fileRef = BADACBB22FDA2FF400AE236D /* FavoritesSheetView.swift */; };
		BADACBB52FDA301400AE236D /* SearchBar.swift in Sources */ = {isa = PBXBuildFile; fileRef = BADACBB42FDA301400AE236D /* SearchBar.swift */; };
		BADACBB72FDA303200AE236D /* SearchViewModel.swift in Sources */ = {isa = PBXBuildFile; fileRef = BADACBB62FDA303200AE236D /* SearchViewModel.swift */; };
		BADACBB92FDA304F00AE236D /* SearchView.swift in Sources */ = {isa = PBXBuildFile; fileRef = BADACBB82FDA304F00AE236D /* SearchView.swift */; };
		BADACBBB2FDA307C00AE236D /* SearchSheetView.swift in Sources */ = {isa = PBXBuildFile; fileRef = BADACBBA2FDA307C00AE236D /* SearchSheetView.swift */; };
		BADACBC02FDA418600AE236D /* Alamofire in Frameworks */ = {isa = PBXBuildFile; productRef = BADACBBF2FDA418600AE236D /* Alamofire */; };
		BAE500012FDB485200866315 /* HomeViewModel+AutoRefresh.swift in Sources */ = {isa = PBXBuildFile; fileRef = BAE500002FDB485200866315 /* HomeViewModel+AutoRefresh.swift */; };
		BAE500032FDB486300866315 /* HomeViewModel+ComputedProperties.swift in Sources */ = {isa = PBXBuildFile; fileRef = BAE500022FDB486300866315 /* HomeViewModel+ComputedProperties.swift */; };
		BAE500052FDB487800866315 /* HomeViewModel+Apperance.swift in Sources */ = {isa = PBXBuildFile; fileRef = BAE500042FDB487800866315 /* HomeViewModel+Apperance.swift */; };
		BAE500072FDB489800866315 /* HomeViewModel+Helpers.swift in Sources */ = {isa = PBXBuildFile; fileRef = BAE500062FDB489800866315 /* HomeViewModel+Helpers.swift */; };
		BAE500092FDB495000866315 /* HomeContentView.swift in Sources */ = {isa = PBXBuildFile; fileRef = BAE500082FDB495000866315 /* HomeContentView.swift */; };
		BAE500142FDB49B600866315 /* HourlyCellView.swift in Sources */ = {isa = PBXBuildFile; fileRef = BAE500132FDB49B600866315 /* HourlyCellView.swift */; };
		BAE500162FDB4DE800866315 /* HomeToolBarButtns.swift in Sources */ = {isa = PBXBuildFile; fileRef = BAE500152FDB4DE800866315 /* HomeToolBarButtns.swift */; };
		BAE500182FDB4E0A00866315 /* HeroSectionView.swift in Sources */ = {isa = PBXBuildFile; fileRef = BAE500172FDB4E0A00866315 /* HeroSectionView.swift */; };
		BAE5001A2FDB4E2D00866315 /* HourlyCardView.swift in Sources */ = {isa = PBXBuildFile; fileRef = BAE500192FDB4E2D00866315 /* HourlyCardView.swift */; };
		BAE5001C2FDB4E6F00866315 /* StatsGridView.swift in Sources */ = {isa = PBXBuildFile; fileRef = BAE5001B2FDB4E6F00866315 /* StatsGridView.swift */; };
		BAE5001E2FDB4E9200866315 /* ForecastSectionView.swift in Sources */ = {isa = PBXBuildFile; fileRef = BAE5001D2FDB4E9200866315 /* ForecastSectionView.swift */; };
		BAE5FFCF2FDB3A0800866315 /* LocationManager.swift in Sources */ = {isa = PBXBuildFile; fileRef = BAE5FFCE2FDB3A0800866315 /* LocationManager.swift */; };
		BAE5FFD62FDB427200866315 /* FavoritesListView.swift in Sources */ = {isa = PBXBuildFile; fileRef = BAE5FFD52FDB427200866315 /* FavoritesListView.swift */; };
		BAE5FFD82FDB429200866315 /* FavoriteLocationRow.swift in Sources */ = {isa = PBXBuildFile; fileRef = BAE5FFD72FDB429200866315 /* FavoriteLocationRow.swift */; };
		BAE5FFDA2FDB42B200866315 /* FavoritesEmptyView.swift in Sources */ = {isa = PBXBuildFile; fileRef = BAE5FFD92FDB42B200866315 /* FavoritesEmptyView.swift */; };
		BAE5FFDC2FDB431F00866315 /* ForecastViewModel+Appearance.swift in Sources */ = {isa = PBXBuildFile; fileRef = BAE5FFDB2FDB431F00866315 /* ForecastViewModel+Appearance.swift */; };
		BAE5FFDE2FDB433E00866315 /* ForecastViewModel+Helpers.swift in Sources */ = {isa = PBXBuildFile; fileRef = BAE5FFDD2FDB433E00866315 /* ForecastViewModel+Helpers.swift */; };
		BAE5FFE22FDB43D400866315 /* ForecastContentView.swift in Sources */ = {isa = PBXBuildFile; fileRef = BAE5FFE12FDB43D400866315 /* ForecastContentView.swift */; };
		BAE5FFE42FDB43E400866315 /* ForecastHoursListView.swift in Sources */ = {isa = PBXBuildFile; fileRef = BAE5FFE32FDB43E400866315 /* ForecastHoursListView.swift */; };
		BAE5FFE62FDB43F300866315 /* ForecastEmptyStateView.swift in Sources */ = {isa = PBXBuildFile; fileRef = BAE5FFE52FDB43F300866315 /* ForecastEmptyStateView.swift */; };
		BAE5FFE82FDB446900866315 /* SearchViewModel+Search.swift in Sources */ = {isa = PBXBuildFile; fileRef = BAE5FFE72FDB446900866315 /* SearchViewModel+Search.swift */; };
		BAE5FFEA2FDB449600866315 /* SearchViewModel+Apperance.swift in Sources */ = {isa = PBXBuildFile; fileRef = BAE5FFE92FDB449600866315 /* SearchViewModel+Apperance.swift */; };
		BAE5FFEC2FDB44B200866315 /* SearchViewModel+SavedLocations.swift in Sources */ = {isa = PBXBuildFile; fileRef = BAE5FFEB2FDB44B200866315 /* SearchViewModel+SavedLocations.swift */; };
		BAE5FFEE2FDB44DB00866315 /* SearchViewModel+Debounce.swift in Sources */ = {isa = PBXBuildFile; fileRef = BAE5FFED2FDB44DB00866315 /* SearchViewModel+Debounce.swift */; };
		BAE5FFF02FDB46B400866315 /* SearchContentView.swift in Sources */ = {isa = PBXBuildFile; fileRef = BAE5FFEF2FDB46B400866315 /* SearchContentView.swift */; };
		BAE5FFF22FDB46C600866315 /* SearchResultsListView.swift in Sources */ = {isa = PBXBuildFile; fileRef = BAE5FFF12FDB46C600866315 /* SearchResultsListView.swift */; };
		BAE5FFF42FDB46DA00866315 /* SearchSavedListView.swift in Sources */ = {isa = PBXBuildFile; fileRef = BAE5FFF32FDB46DA00866315 /* SearchSavedListView.swift */; };
		BAE5FFF62FDB46EA00866315 /* SearchStatesView.swift in Sources */ = {isa = PBXBuildFile; fileRef = BAE5FFF52FDB46EA00866315 /* SearchStatesView.swift */; };
		BAE5FFF92FDB47A400866315 /* SearchSheetContentView.swift in Sources */ = {isa = PBXBuildFile; fileRef = BAE5FFF82FDB47A400866315 /* SearchSheetContentView.swift */; };
		BAE5FFFB2FDB47B400866315 /* SearchSheetResultsView.swift in Sources */ = {isa = PBXBuildFile; fileRef = BAE5FFFA2FDB47B400866315 /* SearchSheetResultsView.swift */; };
		BAE5FFFD2FDB47C400866315 /* SearchSheetStatesView.swift in Sources */ = {isa = PBXBuildFile; fileRef = BAE5FFFC2FDB47C400866315 /* SearchSheetStatesView.swift */; };
		BAE5FFFF2FDB484300866315 /* HomeViewModel+Weather.swift in Sources */ = {isa = PBXBuildFile; fileRef = BAE5FFFE2FDB484300866315 /* HomeViewModel+Weather.swift */; };
/* End PBXBuildFile section */

/* Begin PBXFileReference section */
		BA3224862FD8C25500C2CB83 /* SearchLocarionUseCase.swift */ = {isa = PBXFileReference; lastKnownFileType = sourcecode.swift; path = SearchLocarionUseCase.swift; sourceTree = "<group>"; };
		BA3224882FD8C27400C2CB83 /* SaveLocationUseCase.swift */ = {isa = PBXFileReference; lastKnownFileType = sourcecode.swift; path = SaveLocationUseCase.swift; sourceTree = "<group>"; };
		BA32248A2FD8C29700C2CB83 /* FetchSavedLocationsUseCase.swift */ = {isa = PBXFileReference; lastKnownFileType = sourcecode.swift; path = FetchSavedLocationsUseCase.swift; sourceTree = "<group>"; };
		BA32248C2FD8C2B000C2CB83 /* DeleteLocationUseCase.swift */ = {isa = PBXFileReference; lastKnownFileType = sourcecode.swift; path = DeleteLocationUseCase.swift; sourceTree = "<group>"; };
		BA32248E2FD8C2E300C2CB83 /* DIContainer.swift */ = {isa = PBXFileReference; lastKnownFileType = sourcecode.swift; path = DIContainer.swift; sourceTree = "<group>"; };
		BA3224902FD8C33600C2CB83 /* FetchForecastHoursUseCase.swift */ = {isa = PBXFileReference; lastKnownFileType = sourcecode.swift; path = FetchForecastHoursUseCase.swift; sourceTree = "<group>"; };
		BA86B3002FD353790061B10A /* Nasmah.app */ = {isa = PBXFileReference; explicitFileType = wrapper.application; includeInIndex = 0; path = Nasmah.app; sourceTree = BUILT_PRODUCTS_DIR; };
		BA86B3032FD353790061B10A /* NasmahApp.swift */ = {isa = PBXFileReference; lastKnownFileType = sourcecode.swift; path = NasmahApp.swift; sourceTree = "<group>"; };
		BA86B3072FD3537A0061B10A /* Assets.xcassets */ = {isa = PBXFileReference; lastKnownFileType = folder.assetcatalog; path = Assets.xcassets; sourceTree = "<group>"; };
		BA86B30A2FD3537A0061B10A /* Preview Assets.xcassets */ = {isa = PBXFileReference; lastKnownFileType = folder.assetcatalog; path = "Preview Assets.xcassets"; sourceTree = "<group>"; };
		BA86B3242FD3561A0061B10A /* HomeView.swift */ = {isa = PBXFileReference; lastKnownFileType = sourcecode.swift; path = HomeView.swift; sourceTree = "<group>"; };
		BA86B3462FD35A9A0061B10A /* Persistence.swift */ = {isa = PBXFileReference; lastKnownFileType = sourcecode.swift; path = Persistence.swift; sourceTree = "<group>"; };
		BA86B3492FD35AC80061B10A /* Nasmah.xcdatamodel */ = {isa = PBXFileReference; lastKnownFileType = wrapper.xcdatamodel; path = Nasmah.xcdatamodel; sourceTree = "<group>"; };
		BA86B34B2FD35B520061B10A /* Config.swift */ = {isa = PBXFileReference; lastKnownFileType = sourcecode.swift; path = Config.swift; sourceTree = "<group>"; };
		BA86B34F2FD35B7A0061B10A /* FetchWeatherUseCase.swift */ = {isa = PBXFileReference; lastKnownFileType = sourcecode.swift; path = FetchWeatherUseCase.swift; sourceTree = "<group>"; };
		BA86B3512FD35B8B0061B10A /* WeatherRepository.swift */ = {isa = PBXFileReference; lastKnownFileType = sourcecode.swift; path = WeatherRepository.swift; sourceTree = "<group>"; };
		BA86B3532FD35B9C0061B10A /* WeatherEntity.swift */ = {isa = PBXFileReference; lastKnownFileType = sourcecode.swift; path = WeatherEntity.swift; sourceTree = "<group>"; };
		BA86B3552FD35BB00061B10A /* CoreDataManager.swift */ = {isa = PBXFileReference; lastKnownFileType = sourcecode.swift; path = CoreDataManager.swift; sourceTree = "<group>"; };
		BA86B3572FD35BBF0061B10A /* WeatherAPIService.swift */ = {isa = PBXFileReference; lastKnownFileType = sourcecode.swift; path = WeatherAPIService.swift; sourceTree = "<group>"; };
		BA86B3592FD35BD80061B10A /* WeatherRepositoryImpl.swift */ = {isa = PBXFileReference; lastKnownFileType = sourcecode.swift; path = WeatherRepositoryImpl.swift; sourceTree = "<group>"; };
		BA86B35B2FD35BF60061B10A /* WeatherResponseDTO.swift */ = {isa = PBXFileReference; lastKnownFileType = sourcecode.swift; path = WeatherResponseDTO.swift; sourceTree = "<group>"; };
		BA86B3702FD35BF60061B10A /* SearchResultDTO.swift */ = {isa = PBXFileReference; lastKnownFileType = sourcecode.swift; path = SearchResultDTO.swift; sourceTree = "<group>"; };
		BA86B3722FD35BF60061B10A /* SavedLocationsRepositoryImpl.swift */ = {isa = PBXFileReference; lastKnownFileType = sourcecode.swift; path = SavedLocationsRepositoryImpl.swift; sourceTree = "<group>"; };
		BA86B3742FD35BF60061B10A /* SavedLocationsRepository.swift */ = {isa = PBXFileReference; lastKnownFileType = sourcecode.swift; path = SavedLocationsRepository.swift; sourceTree = "<group>"; };
		BA86B3802FD35BF60061B10A /* ForecastDayEntity.swift */ = {isa = PBXFileReference; lastKnownFileType = sourcecode.swift; path = ForecastDayEntity.swift; sourceTree = "<group>"; };
		BA86B3822FD35BF60061B10A /* HourEntity.swift */ = {isa = PBXFileReference; lastKnownFileType = sourcecode.swift; path = HourEntity.swift; sourceTree = "<group>"; };
		BA86B3842FD35BF60061B10A /* SavedLocation.swift */ = {isa = PBXFileReference; lastKnownFileType = sourcecode.swift; path = SavedLocation.swift; sourceTree = "<group>"; };
		BA86B3862FD35BF60061B10A /* SearchResult.swift */ = {isa = PBXFileReference; lastKnownFileType = sourcecode.swift; path = SearchResult.swift; sourceTree = "<group>"; };
		BADACB942FDA28B600AE236D /* ErrorView.swift */ = {isa = PBXFileReference; lastKnownFileType = sourcecode.swift; path = ErrorView.swift; sourceTree = "<group>"; };
		BADACB962FDA28C800AE236D /* LoadingView.swift */ = {isa = PBXFileReference; lastKnownFileType = sourcecode.swift; path = LoadingView.swift; sourceTree = "<group>"; };
		BADACB982FDA28E700AE236D /* HomeViewModel.swift */ = {isa = PBXFileReference; lastKnownFileType = sourcecode.swift; path = HomeViewModel.swift; sourceTree = "<group>"; };
		BADACB9A2FDA296F00AE236D /* Color+Hex.swift */ = {isa = PBXFileReference; lastKnownFileType = sourcecode.swift; path = "Color+Hex.swift"; sourceTree = "<group>"; };
		BADACB9C2FDA29F000AE236D /* ForecastRowView.swift */ = {isa = PBXFileReference; lastKnownFileType = sourcecode.swift; path = ForecastRowView.swift; sourceTree = "<group>"; };
		BADACB9E2FDA2A0200AE236D /* HourlyRowView.swift */ = {isa = PBXFileReference; lastKnownFileType = sourcecode.swift; path = HourlyRowView.swift; sourceTree = "<group>"; };
		BADACBA22FDA2A3A00AE236D /* WeatherStatCard.swift */ = {isa = PBXFileReference; lastKnownFileType = sourcecode.swift; path = WeatherStatCard.swift; sourceTree = "<group>"; };
		BADACBAA2FDA2E1100AE236D /* ForecastView.swift */ = {isa = PBXFileReference; lastKnownFileType = sourcecode.swift; path = ForecastView.swift; sourceTree = "<group>"; };
		BADACBAC2FDA2E3800AE236D /* ForecastViewModel.swift */ = {isa = PBXFileReference; lastKnownFileType = sourcecode.swift; path = ForecastViewModel.swift; sourceTree = "<group>"; };
		BADACBB22FDA2FF400AE236D /* FavoritesSheetView.swift */ = {isa = PBXFileReference; lastKnownFileType = sourcecode.swift; path = FavoritesSheetView.swift; sourceTree = "<group>"; };
		BADACBB42FDA301400AE236D /* SearchBar.swift */ = {isa = PBXFileReference; lastKnownFileType = sourcecode.swift; path = SearchBar.swift; sourceTree = "<group>"; };
		BADACBB62FDA303200AE236D /* SearchViewModel.swift */ = {isa = PBXFileReference; lastKnownFileType = sourcecode.swift; path = SearchViewModel.swift; sourceTree = "<group>"; };
		BADACBB82FDA304F00AE236D /* SearchView.swift */ = {isa = PBXFileReference; lastKnownFileType = sourcecode.swift; path = SearchView.swift; sourceTree = "<group>"; };
		BADACBBA2FDA307C00AE236D /* SearchSheetView.swift */ = {isa = PBXFileReference; lastKnownFileType = sourcecode.swift; path = SearchSheetView.swift; sourceTree = "<group>"; };
		BAE500002FDB485200866315 /* HomeViewModel+AutoRefresh.swift */ = {isa = PBXFileReference; lastKnownFileType = sourcecode.swift; path = "HomeViewModel+AutoRefresh.swift"; sourceTree = "<group>"; };
		BAE500022FDB486300866315 /* HomeViewModel+ComputedProperties.swift */ = {isa = PBXFileReference; lastKnownFileType = sourcecode.swift; path = "HomeViewModel+ComputedProperties.swift"; sourceTree = "<group>"; };
		BAE500042FDB487800866315 /* HomeViewModel+Apperance.swift */ = {isa = PBXFileReference; lastKnownFileType = sourcecode.swift; path = "HomeViewModel+Apperance.swift"; sourceTree = "<group>"; };
		BAE500062FDB489800866315 /* HomeViewModel+Helpers.swift */ = {isa = PBXFileReference; lastKnownFileType = sourcecode.swift; path = "HomeViewModel+Helpers.swift"; sourceTree = "<group>"; };
		BAE500082FDB495000866315 /* HomeContentView.swift */ = {isa = PBXFileReference; lastKnownFileType = sourcecode.swift; path = HomeContentView.swift; sourceTree = "<group>"; };
		BAE500132FDB49B600866315 /* HourlyCellView.swift */ = {isa = PBXFileReference; lastKnownFileType = sourcecode.swift; path = HourlyCellView.swift; sourceTree = "<group>"; };
		BAE500152FDB4DE800866315 /* HomeToolBarButtns.swift */ = {isa = PBXFileReference; lastKnownFileType = sourcecode.swift; path = HomeToolBarButtns.swift; sourceTree = "<group>"; };
		BAE500172FDB4E0A00866315 /* HeroSectionView.swift */ = {isa = PBXFileReference; lastKnownFileType = sourcecode.swift; path = HeroSectionView.swift; sourceTree = "<group>"; };
		BAE500192FDB4E2D00866315 /* HourlyCardView.swift */ = {isa = PBXFileReference; lastKnownFileType = sourcecode.swift; path = HourlyCardView.swift; sourceTree = "<group>"; };
		BAE5001B2FDB4E6F00866315 /* StatsGridView.swift */ = {isa = PBXFileReference; lastKnownFileType = sourcecode.swift; path = StatsGridView.swift; sourceTree = "<group>"; };
		BAE5001D2FDB4E9200866315 /* ForecastSectionView.swift */ = {isa = PBXFileReference; lastKnownFileType = sourcecode.swift; path = ForecastSectionView.swift; sourceTree = "<group>"; };
		BAE5FFCE2FDB3A0800866315 /* LocationManager.swift */ = {isa = PBXFileReference; lastKnownFileType = sourcecode.swift; path = LocationManager.swift; sourceTree = "<group>"; };
		BAE5FFD02FDB3C5500866315 /* Info.plist */ = {isa = PBXFileReference; lastKnownFileType = text.plist; path = Info.plist; sourceTree = "<group>"; };
		BAE5FFD52FDB427200866315 /* FavoritesListView.swift */ = {isa = PBXFileReference; lastKnownFileType = sourcecode.swift; path = FavoritesListView.swift; sourceTree = "<group>"; };
		BAE5FFD72FDB429200866315 /* FavoriteLocationRow.swift */ = {isa = PBXFileReference; lastKnownFileType = sourcecode.swift; path = FavoriteLocationRow.swift; sourceTree = "<group>"; };
		BAE5FFD92FDB42B200866315 /* FavoritesEmptyView.swift */ = {isa = PBXFileReference; lastKnownFileType = sourcecode.swift; path = FavoritesEmptyView.swift; sourceTree = "<group>"; };
		BAE5FFDB2FDB431F00866315 /* ForecastViewModel+Appearance.swift */ = {isa = PBXFileReference; lastKnownFileType = sourcecode.swift; path = "ForecastViewModel+Appearance.swift"; sourceTree = "<group>"; };
		BAE5FFDD2FDB433E00866315 /* ForecastViewModel+Helpers.swift */ = {isa = PBXFileReference; lastKnownFileType = sourcecode.swift; path = "ForecastViewModel+Helpers.swift"; sourceTree = "<group>"; };
		BAE5FFE12FDB43D400866315 /* ForecastContentView.swift */ = {isa = PBXFileReference; lastKnownFileType = sourcecode.swift; path = ForecastContentView.swift; sourceTree = "<group>"; };
		BAE5FFE32FDB43E400866315 /* ForecastHoursListView.swift */ = {isa = PBXFileReference; lastKnownFileType = sourcecode.swift; path = ForecastHoursListView.swift; sourceTree = "<group>"; };
		BAE5FFE52FDB43F300866315 /* ForecastEmptyStateView.swift */ = {isa = PBXFileReference; lastKnownFileType = sourcecode.swift; path = ForecastEmptyStateView.swift; sourceTree = "<group>"; };
		BAE5FFE72FDB446900866315 /* SearchViewModel+Search.swift */ = {isa = PBXFileReference; lastKnownFileType = sourcecode.swift; path = "SearchViewModel+Search.swift"; sourceTree = "<group>"; };
		BAE5FFE92FDB449600866315 /* SearchViewModel+Apperance.swift */ = {isa = PBXFileReference; lastKnownFileType = sourcecode.swift; path = "SearchViewModel+Apperance.swift"; sourceTree = "<group>"; };
		BAE5FFEB2FDB44B200866315 /* SearchViewModel+SavedLocations.swift */ = {isa = PBXFileReference; lastKnownFileType = sourcecode.swift; path = "SearchViewModel+SavedLocations.swift"; sourceTree = "<group>"; };
		BAE5FFED2FDB44DB00866315 /* SearchViewModel+Debounce.swift */ = {isa = PBXFileReference; lastKnownFileType = sourcecode.swift; path = "SearchViewModel+Debounce.swift"; sourceTree = "<group>"; };
		BAE5FFEF2FDB46B400866315 /* SearchContentView.swift */ = {isa = PBXFileReference; lastKnownFileType = sourcecode.swift; path = SearchContentView.swift; sourceTree = "<group>"; };
		BAE5FFF12FDB46C600866315 /* SearchResultsListView.swift */ = {isa = PBXFileReference; lastKnownFileType = sourcecode.swift; path = SearchResultsListView.swift; sourceTree = "<group>"; };
		BAE5FFF32FDB46DA00866315 /* SearchSavedListView.swift */ = {isa = PBXFileReference; lastKnownFileType = sourcecode.swift; path = SearchSavedListView.swift; sourceTree = "<group>"; };
		BAE5FFF52FDB46EA00866315 /* SearchStatesView.swift */ = {isa = PBXFileReference; lastKnownFileType = sourcecode.swift; path = SearchStatesView.swift; sourceTree = "<group>"; };
		BAE5FFF82FDB47A400866315 /* SearchSheetContentView.swift */ = {isa = PBXFileReference; lastKnownFileType = sourcecode.swift; path = SearchSheetContentView.swift; sourceTree = "<group>"; };
		BAE5FFFA2FDB47B400866315 /* SearchSheetResultsView.swift */ = {isa = PBXFileReference; lastKnownFileType = sourcecode.swift; path = SearchSheetResultsView.swift; sourceTree = "<group>"; };
		BAE5FFFC2FDB47C400866315 /* SearchSheetStatesView.swift */ = {isa = PBXFileReference; lastKnownFileType = sourcecode.swift; path = SearchSheetStatesView.swift; sourceTree = "<group>"; };
		BAE5FFFE2FDB484300866315 /* HomeViewModel+Weather.swift */ = {isa = PBXFileReference; lastKnownFileType = sourcecode.swift; path = "HomeViewModel+Weather.swift"; sourceTree = "<group>"; };
/* End PBXFileReference section */

/* Begin PBXFrameworksBuildPhase section */
		BA86B2FD2FD353790061B10A /* Frameworks */ = {
			isa = PBXFrameworksBuildPhase;
			buildActionMask = 2147483647;
			files = (
				BADACBC02FDA418600AE236D /* Alamofire in Frameworks */,
			);
			runOnlyForDeploymentPostprocessing = 0;
		};
/* End PBXFrameworksBuildPhase section */

/* Begin PBXGroup section */
		BA86B2F72FD353790061B10A = {
			isa = PBXGroup;
			children = (
				BA86B3022FD353790061B10A /* Nasmah */,
				BA86B3012FD353790061B10A /* Products */,
			);
			sourceTree = "<group>";
		};
		BA86B3012FD353790061B10A /* Products */ = {
			isa = PBXGroup;
			children = (
				BA86B3002FD353790061B10A /* Nasmah.app */,
			);
			name = Products;
			sourceTree = "<group>";
		};
		BA86B3022FD353790061B10A /* Nasmah */ = {
			isa = PBXGroup;
			children = (
				BAE5FFD02FDB3C5500866315 /* Info.plist */,
				BA86B3162FD355190061B10A /* App */,
				BA86B3182FD3553A0061B10A /* Core */,
				BA86B31E2FD3557B0061B10A /* Presentation */,
				BA86B31D2FD355750061B10A /* Domain */,
				BA86B31C2FD3556F0061B10A /* Data */,
				BA86B3212FD355A80061B10A /* Resources */,
				BA86B3092FD3537A0061B10A /* Preview Content */,
			);
			path = Nasmah;
			sourceTree = "<group>";
		};
		BA86B3092FD3537A0061B10A /* Preview Content */ = {
			isa = PBXGroup;
			children = (
				BA86B30A2FD3537A0061B10A /* Preview Assets.xcassets */,
			);
			path = "Preview Content";
			sourceTree = "<group>";
		};
		BA86B3162FD355190061B10A /* App */ = {
			isa = PBXGroup;
			children = (
				BA86B3032FD353790061B10A /* NasmahApp.swift */,
			);
			path = App;
			sourceTree = "<group>";
		};
		BA86B3182FD3553A0061B10A /* Core */ = {
			isa = PBXGroup;
			children = (
				BA86B3452FD358160061B10A /* Database */,
				BA86B31B2FD3555D0061B10A /* Utils */,
				BA86B31A2FD3554F0061B10A /* Constants */,
			);
			path = Core;
			sourceTree = "<group>";
		};
		BA86B31A2FD3554F0061B10A /* Constants */ = {
			isa = PBXGroup;
			children = (
				BA86B34B2FD35B520061B10A /* Config.swift */,
			);
			path = Constants;
			sourceTree = "<group>";
		};
		BA86B31B2FD3555D0061B10A /* Utils */ = {
			isa = PBXGroup;
			children = (
				BA32248E2FD8C2E300C2CB83 /* DIContainer.swift */,
				BADACB9A2FDA296F00AE236D /* Color+Hex.swift */,
				BAE5FFCE2FDB3A0800866315 /* LocationManager.swift */,
			);
			path = Utils;
			sourceTree = "<group>";
		};
		BA86B31C2FD3556F0061B10A /* Data */ = {
			isa = PBXGroup;
			children = (
				BA86B32B2FD356940061B10A /* DataSources */,
				BA86B32A2FD356720061B10A /* Repositories */,
				BA86B3292FD356670061B10A /* DTOs */,
			);
			path = Data;
			sourceTree = "<group>";
		};
		BA86B31D2FD355750061B10A /* Domain */ = {
			isa = PBXGroup;
			children = (
				BA86B3282FD356560061B10A /* UseCases */,
				BA86B3272FD356440061B10A /* Repositories */,
				BA86B3262FD356360061B10A /* Entities */,
			);
			path = Domain;
			sourceTree = "<group>";
		};
		BA86B31E2FD3557B0061B10A /* Presentation */ = {
			isa = PBXGroup;
			children = (
				BA86B31F2FD355860061B10A /* Screens */,
				BA86B3202FD3558D0061B10A /* Components */,
			);
			path = Presentation;
			sourceTree = "<group>";
		};
		BA86B31F2FD355860061B10A /* Screens */ = {
			isa = PBXGroup;
			children = (
				BADACBB02FDA2FD400AE236D /* Favorate */,
				BADACBA52FDA2DD000AE236D /* Forecast */,
				BADACBA42FDA2DC800AE236D /* Search */,
				BA86B3232FD356020061B10A /* Home */,
			);
			path = Screens;
			sourceTree = "<group>";
		};
		BA86B3202FD3558D0061B10A /* Components */ = {
			isa = PBXGroup;
			children = (
				BADACB9E2FDA2A0200AE236D /* HourlyRowView.swift */,
				BADACBA22FDA2A3A00AE236D /* WeatherStatCard.swift */,
			);
			path = Components;
			sourceTree = "<group>";
		};
		BA86B3212FD355A80061B10A /* Resources */ = {
			isa = PBXGroup;
			children = (
				BA86B3072FD3537A0061B10A /* Assets.xcassets */,
			);
			path = Resources;
			sourceTree = "<group>";
		};
		BA86B3232FD356020061B10A /* Home */ = {
			isa = PBXGroup;
			children = (
				BADACB932FDA287100AE236D /* ViewModel */,
				BADACB922FDA283B00AE236D /* View */,
			);
			path = Home;
			sourceTree = "<group>";
		};
		BA86B3262FD356360061B10A /* Entities */ = {
			isa = PBXGroup;
			children = (
				BA86B3532FD35B9C0061B10A /* WeatherEntity.swift */,
				BA86B3802FD35BF60061B10A /* ForecastDayEntity.swift */,
				BA86B3822FD35BF60061B10A /* HourEntity.swift */,
				BA86B3842FD35BF60061B10A /* SavedLocation.swift */,
				BA86B3862FD35BF60061B10A /* SearchResult.swift */,
			);
			path = Entities;
			sourceTree = "<group>";
		};
		BA86B3272FD356440061B10A /* Repositories */ = {
			isa = PBXGroup;
			children = (
				BA86B3512FD35B8B0061B10A /* WeatherRepository.swift */,
				BA86B3742FD35BF60061B10A /* SavedLocationsRepository.swift */,
			);
			path = Repositories;
			sourceTree = "<group>";
		};
		BA86B3282FD356560061B10A /* UseCases */ = {
			isa = PBXGroup;
			children = (
				BA86B34F2FD35B7A0061B10A /* FetchWeatherUseCase.swift */,
				BA3224862FD8C25500C2CB83 /* SearchLocarionUseCase.swift */,
				BA3224882FD8C27400C2CB83 /* SaveLocationUseCase.swift */,
				BA32248A2FD8C29700C2CB83 /* FetchSavedLocationsUseCase.swift */,
				BA32248C2FD8C2B000C2CB83 /* DeleteLocationUseCase.swift */,
				BA3224902FD8C33600C2CB83 /* FetchForecastHoursUseCase.swift */,
			);
			path = UseCases;
			sourceTree = "<group>";
		};
		BA86B3292FD356670061B10A /* DTOs */ = {
			isa = PBXGroup;
			children = (
				BA86B35B2FD35BF60061B10A /* WeatherResponseDTO.swift */,
				BA86B3702FD35BF60061B10A /* SearchResultDTO.swift */,
			);
			path = DTOs;
			sourceTree = "<group>";
		};
		BA86B32A2FD356720061B10A /* Repositories */ = {
			isa = PBXGroup;
			children = (
				BA86B3592FD35BD80061B10A /* WeatherRepositoryImpl.swift */,
				BA86B3722FD35BF60061B10A /* SavedLocationsRepositoryImpl.swift */,
			);
			path = Repositories;
			sourceTree = "<group>";
		};
		BA86B32B2FD356940061B10A /* DataSources */ = {
			isa = PBXGroup;
			children = (
				BA86B32D2FD356C60061B10A /* Local */,
				BA86B32C2FD356BE0061B10A /* Remote */,
			);
			path = DataSources;
			sourceTree = "<group>";
		};
		BA86B32C2FD356BE0061B10A /* Remote */ = {
			isa = PBXGroup;
			children = (
				BA86B3572FD35BBF0061B10A /* WeatherAPIService.swift */,
			);
			path = Remote;
			sourceTree = "<group>";
		};
		BA86B32D2FD356C60061B10A /* Local */ = {
			isa = PBXGroup;
			children = (
				BA86B3552FD35BB00061B10A /* CoreDataManager.swift */,
			);
			path = Local;
			sourceTree = "<group>";
		};
		BA86B3452FD358160061B10A /* Database */ = {
			isa = PBXGroup;
			children = (
				BA86B3462FD35A9A0061B10A /* Persistence.swift */,
				BA86B3482FD35AC80061B10A /* Nasmah.xcdatamodeld */,
			);
			path = Database;
			sourceTree = "<group>";
		};
		BADACB922FDA283B00AE236D /* View */ = {
			isa = PBXGroup;
			children = (
				BA86B3242FD3561A0061B10A /* HomeView.swift */,
				BADACB942FDA28B600AE236D /* ErrorView.swift */,
				BADACB962FDA28C800AE236D /* LoadingView.swift */,
				BAE500082FDB495000866315 /* HomeContentView.swift */,
				BAE500132FDB49B600866315 /* HourlyCellView.swift */,
				BAE500152FDB4DE800866315 /* HomeToolBarButtns.swift */,
				BAE500172FDB4E0A00866315 /* HeroSectionView.swift */,
				BAE500192FDB4E2D00866315 /* HourlyCardView.swift */,
				BAE5001B2FDB4E6F00866315 /* StatsGridView.swift */,
				BAE5001D2FDB4E9200866315 /* ForecastSectionView.swift */,
			);
			path = View;
			sourceTree = "<group>";
		};
		BADACB932FDA287100AE236D /* ViewModel */ = {
			isa = PBXGroup;
			children = (
				BADACB982FDA28E700AE236D /* HomeViewModel.swift */,
				BAE5FFFE2FDB484300866315 /* HomeViewModel+Weather.swift */,
				BAE500002FDB485200866315 /* HomeViewModel+AutoRefresh.swift */,
				BAE500022FDB486300866315 /* HomeViewModel+ComputedProperties.swift */,
				BAE500042FDB487800866315 /* HomeViewModel+Apperance.swift */,
				BAE500062FDB489800866315 /* HomeViewModel+Helpers.swift */,
			);
			path = ViewModel;
			sourceTree = "<group>";
		};
		BADACBA42FDA2DC800AE236D /* Search */ = {
			isa = PBXGroup;
			children = (
				BAE5FFF72FDB474100866315 /* Componens */,
				BADACBA72FDA2DE800AE236D /* ViewModel */,
				BADACBA62FDA2DE000AE236D /* View */,
			);
			path = Search;
			sourceTree = "<group>";
		};
		BADACBA52FDA2DD000AE236D /* Forecast */ = {
			isa = PBXGroup;
			children = (
				BAE5FFDF2FDB435C00866315 /* Componets */,
				BADACBA92FDA2DF600AE236D /* ViewModel */,
				BADACBA82FDA2DEE00AE236D /* View */,
			);
			path = Forecast;
			sourceTree = "<group>";
		};
		BADACBA62FDA2DE000AE236D /* View */ = {
			isa = PBXGroup;
			children = (
				BADACBB82FDA304F00AE236D /* SearchView.swift */,
				BADACBBA2FDA307C00AE236D /* SearchSheetView.swift */,
				BAE5FFEF2FDB46B400866315 /* SearchContentView.swift */,
				BAE5FFF12FDB46C600866315 /* SearchResultsListView.swift */,
				BAE5FFF32FDB46DA00866315 /* SearchSavedListView.swift */,
				BAE5FFF52FDB46EA00866315 /* SearchStatesView.swift */,
				BAE5FFF82FDB47A400866315 /* SearchSheetContentView.swift */,
				BAE5FFFA2FDB47B400866315 /* SearchSheetResultsView.swift */,
				BAE5FFFC2FDB47C400866315 /* SearchSheetStatesView.swift */,
			);
			path = View;
			sourceTree = "<group>";
		};
		BADACBA72FDA2DE800AE236D /* ViewModel */ = {
			isa = PBXGroup;
			children = (
				BADACBB62FDA303200AE236D /* SearchViewModel.swift */,
				BAE5FFE72FDB446900866315 /* SearchViewModel+Search.swift */,
				BAE5FFE92FDB449600866315 /* SearchViewModel+Apperance.swift */,
				BAE5FFEB2FDB44B200866315 /* SearchViewModel+SavedLocations.swift */,
				BAE5FFED2FDB44DB00866315 /* SearchViewModel+Debounce.swift */,
			);
			path = ViewModel;
			sourceTree = "<group>";
		};
		BADACBA82FDA2DEE00AE236D /* View */ = {
			isa = PBXGroup;
			children = (
				BADACBAA2FDA2E1100AE236D /* ForecastView.swift */,
				BAE5FFE12FDB43D400866315 /* ForecastContentView.swift */,
				BAE5FFE32FDB43E400866315 /* ForecastHoursListView.swift */,
				BAE5FFE52FDB43F300866315 /* ForecastEmptyStateView.swift */,
			);
			path = View;
			sourceTree = "<group>";
		};
		BADACBA92FDA2DF600AE236D /* ViewModel */ = {
			isa = PBXGroup;
			children = (
				BADACBAC2FDA2E3800AE236D /* ForecastViewModel.swift */,
				BAE5FFDB2FDB431F00866315 /* ForecastViewModel+Appearance.swift */,
				BAE5FFDD2FDB433E00866315 /* ForecastViewModel+Helpers.swift */,
			);
			path = ViewModel;
			sourceTree = "<group>";
		};
		BADACBB02FDA2FD400AE236D /* Favorate */ = {
			isa = PBXGroup;
			children = (
				BAE5FFE02FDB437F00866315 /* Componets */,
				BADACBB12FDA2FDD00AE236D /* View */,
			);
			path = Favorate;
			sourceTree = "<group>";
		};
		BADACBB12FDA2FDD00AE236D /* View */ = {
			isa = PBXGroup;
			children = (
				BADACBB22FDA2FF400AE236D /* FavoritesSheetView.swift */,
				BAE5FFD52FDB427200866315 /* FavoritesListView.swift */,
				BAE5FFD92FDB42B200866315 /* FavoritesEmptyView.swift */,
			);
			path = View;
			sourceTree = "<group>";
		};
		BAE5FFDF2FDB435C00866315 /* Componets */ = {
			isa = PBXGroup;
			children = (
				BADACB9C2FDA29F000AE236D /* ForecastRowView.swift */,
			);
			path = Componets;
			sourceTree = "<group>";
		};
		BAE5FFE02FDB437F00866315 /* Componets */ = {
			isa = PBXGroup;
			children = (
				BAE5FFD72FDB429200866315 /* FavoriteLocationRow.swift */,
			);
			path = Componets;
			sourceTree = "<group>";
		};
		BAE5FFF72FDB474100866315 /* Componens */ = {
			isa = PBXGroup;
			children = (
				BADACBB42FDA301400AE236D /* SearchBar.swift */,
			);
			path = Componens;
			sourceTree = "<group>";
		};
/* End PBXGroup section */

/* Begin PBXNativeTarget section */
		BA86B2FF2FD353790061B10A /* Nasmah */ = {
			isa = PBXNativeTarget;
			buildConfigurationList = BA86B3132FD3537A0061B10A /* Build configuration list for PBXNativeTarget "Nasmah" */;
			buildPhases = (
				BA86B2FC2FD353790061B10A /* Sources */,
				BA86B2FD2FD353790061B10A /* Frameworks */,
				BA86B2FE2FD353790061B10A /* Resources */,
			);
			buildRules = (
			);
			dependencies = (
			);
			name = Nasmah;
			packageProductDependencies = (
				BADACBBF2FDA418600AE236D /* Alamofire */,
			);
			productName = Nasmah;
			productReference = BA86B3002FD353790061B10A /* Nasmah.app */;
			productType = "com.apple.product-type.application";
		};
/* End PBXNativeTarget section */

/* Begin PBXProject section */
		BA86B2F82FD353790061B10A /* Project object */ = {
			isa = PBXProject;
			attributes = {
				BuildIndependentTargetsInParallel = 1;
				LastSwiftUpdateCheck = 1430;
				LastUpgradeCheck = 1430;
				TargetAttributes = {
					BA86B2FF2FD353790061B10A = {
						CreatedOnToolsVersion = 14.3;
					};
				};
			};
			buildConfigurationList = BA86B2FB2FD353790061B10A /* Build configuration list for PBXProject "Nasmah" */;
			compatibilityVersion = "Xcode 14.0";
			developmentRegion = en;
			hasScannedForEncodings = 0;
			knownRegions = (
				en,
				Base,
			);
			mainGroup = BA86B2F72FD353790061B10A;
			packageReferences = (
				BADACBBE2FDA418600AE236D /* XCRemoteSwiftPackageReference "Alamofire" */,
			);
			productRefGroup = BA86B3012FD353790061B10A /* Products */;
			projectDirPath = "";
			projectRoot = "";
			targets = (
				BA86B2FF2FD353790061B10A /* Nasmah */,
			);
		};
/* End PBXProject section */

/* Begin PBXResourcesBuildPhase section */
		BA86B2FE2FD353790061B10A /* Resources */ = {
			isa = PBXResourcesBuildPhase;
			buildActionMask = 2147483647;
			files = (
				BA86B30B2FD3537A0061B10A /* Preview Assets.xcassets in Resources */,
				BA86B3082FD3537A0061B10A /* Assets.xcassets in Resources */,
			);
			runOnlyForDeploymentPostprocessing = 0;
		};
/* End PBXResourcesBuildPhase section */

/* Begin PBXSourcesBuildPhase section */
		BA86B2FC2FD353790061B10A /* Sources */ = {
			isa = PBXSourcesBuildPhase;
			buildActionMask = 2147483647;
			files = (
				BADACBB52FDA301400AE236D /* SearchBar.swift in Sources */,
				BADACB9D2FDA29F000AE236D /* ForecastRowView.swift in Sources */,
				BA86B3522FD35B8B0061B10A /* WeatherRepository.swift in Sources */,
				BADACBAB2FDA2E1100AE236D /* ForecastView.swift in Sources */,
				BADACBB72FDA303200AE236D /* SearchViewModel.swift in Sources */,
				BA86B35C2FD35BF60061B10A /* WeatherResponseDTO.swift in Sources */,
				BAE5FFF62FDB46EA00866315 /* SearchStatesView.swift in Sources */,
				BA86B3472FD35A9A0061B10A /* Persistence.swift in Sources */,
				BAE5001C2FDB4E6F00866315 /* StatsGridView.swift in Sources */,
				BAE5FFDC2FDB431F00866315 /* ForecastViewModel+Appearance.swift in Sources */,
				BAE500072FDB489800866315 /* HomeViewModel+Helpers.swift in Sources */,
				BA86B3582FD35BBF0061B10A /* WeatherAPIService.swift in Sources */,
				BA32248B2FD8C29700C2CB83 /* FetchSavedLocationsUseCase.swift in Sources */,
				BAE5FFDA2FDB42B200866315 /* FavoritesEmptyView.swift in Sources */,
				BAE500092FDB495000866315 /* HomeContentView.swift in Sources */,
				BA86B34A2FD35AC80061B10A /* Nasmah.xcdatamodeld in Sources */,
				BA86B3042FD353790061B10A /* NasmahApp.swift in Sources */,
				BA86B3542FD35B9C0061B10A /* WeatherEntity.swift in Sources */,
				BAE5FFE82FDB446900866315 /* SearchViewModel+Search.swift in Sources */,
				BAE5FFCF2FDB3A0800866315 /* LocationManager.swift in Sources */,
				BADACB972FDA28C800AE236D /* LoadingView.swift in Sources */,
				BAE5FFD82FDB429200866315 /* FavoriteLocationRow.swift in Sources */,
				BA86B35A2FD35BD80061B10A /* WeatherRepositoryImpl.swift in Sources */,
				BAE5001E2FDB4E9200866315 /* ForecastSectionView.swift in Sources */,
				BAE5FFF22FDB46C600866315 /* SearchResultsListView.swift in Sources */,
				BA86B3252FD3561A0061B10A /* HomeView.swift in Sources */,
				BAE5FFFF2FDB484300866315 /* HomeViewModel+Weather.swift in Sources */,
				BA86B3502FD35B7A0061B10A /* FetchWeatherUseCase.swift in Sources */,
				BAE5FFE42FDB43E400866315 /* ForecastHoursListView.swift in Sources */,
				BADACB952FDA28B600AE236D /* ErrorView.swift in Sources */,
				BA3224892FD8C27400C2CB83 /* SaveLocationUseCase.swift in Sources */,
				BA32248D2FD8C2B000C2CB83 /* DeleteLocationUseCase.swift in Sources */,
				BAE5FFF92FDB47A400866315 /* SearchSheetContentView.swift in Sources */,
				BA86B3812FD35BF60061B10A /* ForecastDayEntity.swift in Sources */,
				BAE5FFEA2FDB449600866315 /* SearchViewModel+Apperance.swift in Sources */,
				BA86B3832FD35BF60061B10A /* HourEntity.swift in Sources */,
				BA86B3852FD35BF60061B10A /* SavedLocation.swift in Sources */,
				BA86B3872FD35BF60061B10A /* SearchResult.swift in Sources */,
				BADACBAD2FDA2E3800AE236D /* ForecastViewModel.swift in Sources */,
				BA86B3562FD35BB00061B10A /* CoreDataManager.swift in Sources */,
				BADACBBB2FDA307C00AE236D /* SearchSheetView.swift in Sources */,
				BA3224912FD8C33600C2CB83 /* FetchForecastHoursUseCase.swift in Sources */,
				BAE500142FDB49B600866315 /* HourlyCellView.swift in Sources */,
				BAE5FFFB2FDB47B400866315 /* SearchSheetResultsView.swift in Sources */,
				BAE5FFE22FDB43D400866315 /* ForecastContentView.swift in Sources */,
				BADACBA32FDA2A3A00AE236D /* WeatherStatCard.swift in Sources */,
				BA86B34C2FD35B520061B10A /* Config.swift in Sources */,
				BA3224872FD8C25500C2CB83 /* SearchLocarionUseCase.swift in Sources */,
				BADACB9B2FDA296F00AE236D /* Color+Hex.swift in Sources */,
				BAE5FFEE2FDB44DB00866315 /* SearchViewModel+Debounce.swift in Sources */,
				BAE500052FDB487800866315 /* HomeViewModel+Apperance.swift in Sources */,
				BAE500032FDB486300866315 /* HomeViewModel+ComputedProperties.swift in Sources */,
				BAE5FFF42FDB46DA00866315 /* SearchSavedListView.swift in Sources */,
				BAE5001A2FDB4E2D00866315 /* HourlyCardView.swift in Sources */,
				BADACB992FDA28E700AE236D /* HomeViewModel.swift in Sources */,
				BAE5FFDE2FDB433E00866315 /* ForecastViewModel+Helpers.swift in Sources */,
				BA86B3712FD35BF60061B10A /* SearchResultDTO.swift in Sources */,
				BADACB9F2FDA2A0200AE236D /* HourlyRowView.swift in Sources */,
				BAE5FFE62FDB43F300866315 /* ForecastEmptyStateView.swift in Sources */,
				BADACBB92FDA304F00AE236D /* SearchView.swift in Sources */,
				BAE5FFFD2FDB47C400866315 /* SearchSheetStatesView.swift in Sources */,
				BA86B3732FD35BF60061B10A /* SavedLocationsRepositoryImpl.swift in Sources */,
				BAE5FFD62FDB427200866315 /* FavoritesListView.swift in Sources */,
				BAE500162FDB4DE800866315 /* HomeToolBarButtns.swift in Sources */,
				BA32248F2FD8C2E300C2CB83 /* DIContainer.swift in Sources */,
				BAE500182FDB4E0A00866315 /* HeroSectionView.swift in Sources */,
				BAE5FFF02FDB46B400866315 /* SearchContentView.swift in Sources */,
				BADACBB32FDA2FF400AE236D /* FavoritesSheetView.swift in Sources */,
				BA86B3752FD35BF60061B10A /* SavedLocationsRepository.swift in Sources */,
				BAE5FFEC2FDB44B200866315 /* SearchViewModel+SavedLocations.swift in Sources */,
				BAE500012FDB485200866315 /* HomeViewModel+AutoRefresh.swift in Sources */,
			);
			runOnlyForDeploymentPostprocessing = 0;
		};
/* End PBXSourcesBuildPhase section */

/* Begin XCBuildConfiguration section */
		BA86B3112FD3537A0061B10A /* Debug */ = {
			isa = XCBuildConfiguration;
			buildSettings = {
				ALWAYS_SEARCH_USER_PATHS = NO;
				CLANG_ANALYZER_NONNULL = YES;
				CLANG_ANALYZER_NUMBER_OBJECT_CONVERSION = YES_AGGRESSIVE;
				CLANG_CXX_LANGUAGE_STANDARD = "gnu++20";
				CLANG_ENABLE_MODULES = YES;
				CLANG_ENABLE_OBJC_ARC = YES;
				CLANG_ENABLE_OBJC_WEAK = YES;
				CLANG_WARN_BLOCK_CAPTURE_AUTORELEASING = YES;
				CLANG_WARN_BOOL_CONVERSION = YES;
				CLANG_WARN_COMMA = YES;
				CLANG_WARN_CONSTANT_CONVERSION = YES;
				CLANG_WARN_DEPRECATED_OBJC_IMPLEMENTATIONS = YES;
				CLANG_WARN_DIRECT_OBJC_ISA_USAGE = YES_ERROR;
				CLANG_WARN_DOCUMENTATION_COMMENTS = YES;
				CLANG_WARN_EMPTY_BODY = YES;
				CLANG_WARN_ENUM_CONVERSION = YES;
				CLANG_WARN_INFINITE_RECURSION = YES;
				CLANG_WARN_INT_CONVERSION = YES;
				CLANG_WARN_NON_LITERAL_NULL_CONVERSION = YES;
				CLANG_WARN_OBJC_IMPLICIT_RETAIN_SELF = YES;
				CLANG_WARN_OBJC_LITERAL_CONVERSION = YES;
				CLANG_WARN_OBJC_ROOT_CLASS = YES_ERROR;
				CLANG_WARN_QUOTED_INCLUDE_IN_FRAMEWORK_HEADER = YES;
				CLANG_WARN_RANGE_LOOP_ANALYSIS = YES;
				CLANG_WARN_STRICT_PROTOTYPES = YES;
				CLANG_WARN_SUSPICIOUS_MOVE = YES;
				CLANG_WARN_UNGUARDED_AVAILABILITY = YES_AGGRESSIVE;
				CLANG_WARN_UNREACHABLE_CODE = YES;
				CLANG_WARN__DUPLICATE_METHOD_MATCH = YES;
				COPY_PHASE_STRIP = NO;
				DEBUG_INFORMATION_FORMAT = dwarf;
				ENABLE_STRICT_OBJC_MSGSEND = YES;
				ENABLE_TESTABILITY = YES;
				GCC_C_LANGUAGE_STANDARD = gnu11;
				GCC_DYNAMIC_NO_PIC = NO;
				GCC_NO_COMMON_BLOCKS = YES;
				GCC_OPTIMIZATION_LEVEL = 0;
				GCC_PREPROCESSOR_DEFINITIONS = (
					"DEBUG=1",
					"$(inherited)",
				);
				GCC_WARN_64_TO_32_BIT_CONVERSION = YES;
				GCC_WARN_ABOUT_RETURN_TYPE = YES_ERROR;
				GCC_WARN_UNDECLARED_SELECTOR = YES;
				GCC_WARN_UNINITIALIZED_AUTOS = YES_AGGRESSIVE;
				GCC_WARN_UNUSED_FUNCTION = YES;
				GCC_WARN_UNUSED_VARIABLE = YES;
				IPHONEOS_DEPLOYMENT_TARGET = 16.4;
				MTL_ENABLE_DEBUG_INFO = INCLUDE_SOURCE;
				MTL_FAST_MATH = YES;
				ONLY_ACTIVE_ARCH = YES;
				SDKROOT = iphoneos;
				SWIFT_ACTIVE_COMPILATION_CONDITIONS = DEBUG;
				SWIFT_OPTIMIZATION_LEVEL = "-Onone";
			};
			name = Debug;
		};
		BA86B3122FD3537A0061B10A /* Release */ = {
			isa = XCBuildConfiguration;
			buildSettings = {
				ALWAYS_SEARCH_USER_PATHS = NO;
				CLANG_ANALYZER_NONNULL = YES;
				CLANG_ANALYZER_NUMBER_OBJECT_CONVERSION = YES_AGGRESSIVE;
				CLANG_CXX_LANGUAGE_STANDARD = "gnu++20";
				CLANG_ENABLE_MODULES = YES;
				CLANG_ENABLE_OBJC_ARC = YES;
				CLANG_ENABLE_OBJC_WEAK = YES;
				CLANG_WARN_BLOCK_CAPTURE_AUTORELEASING = YES;
				CLANG_WARN_BOOL_CONVERSION = YES;
				CLANG_WARN_COMMA = YES;
				CLANG_WARN_CONSTANT_CONVERSION = YES;
				CLANG_WARN_DEPRECATED_OBJC_IMPLEMENTATIONS = YES;
				CLANG_WARN_DIRECT_OBJC_ISA_USAGE = YES_ERROR;
				CLANG_WARN_DOCUMENTATION_COMMENTS = YES;
				CLANG_WARN_EMPTY_BODY = YES;
				CLANG_WARN_ENUM_CONVERSION = YES;
				CLANG_WARN_INFINITE_RECURSION = YES;
				CLANG_WARN_INT_CONVERSION = YES;
				CLANG_WARN_NON_LITERAL_NULL_CONVERSION = YES;
				CLANG_WARN_OBJC_IMPLICIT_RETAIN_SELF = YES;
				CLANG_WARN_OBJC_LITERAL_CONVERSION = YES;
				CLANG_WARN_OBJC_ROOT_CLASS = YES_ERROR;
				CLANG_WARN_QUOTED_INCLUDE_IN_FRAMEWORK_HEADER = YES;
				CLANG_WARN_RANGE_LOOP_ANALYSIS = YES;
				CLANG_WARN_STRICT_PROTOTYPES = YES;
				CLANG_WARN_SUSPICIOUS_MOVE = YES;
				CLANG_WARN_UNGUARDED_AVAILABILITY = YES_AGGRESSIVE;
				CLANG_WARN_UNREACHABLE_CODE = YES;
				CLANG_WARN__DUPLICATE_METHOD_MATCH = YES;
				COPY_PHASE_STRIP = NO;
				DEBUG_INFORMATION_FORMAT = "dwarf-with-dsym";
				ENABLE_NS_ASSERTIONS = NO;
				ENABLE_STRICT_OBJC_MSGSEND = YES;
				GCC_C_LANGUAGE_STANDARD = gnu11;
				GCC_NO_COMMON_BLOCKS = YES;
				GCC_WARN_64_TO_32_BIT_CONVERSION = YES;
				GCC_WARN_ABOUT_RETURN_TYPE = YES_ERROR;
				GCC_WARN_UNDECLARED_SELECTOR = YES;
				GCC_WARN_UNINITIALIZED_AUTOS = YES_AGGRESSIVE;
				GCC_WARN_UNUSED_FUNCTION = YES;
				GCC_WARN_UNUSED_VARIABLE = YES;
				IPHONEOS_DEPLOYMENT_TARGET = 16.4;
				MTL_ENABLE_DEBUG_INFO = NO;
				MTL_FAST_MATH = YES;
				SDKROOT = iphoneos;
				SWIFT_COMPILATION_MODE = wholemodule;
				SWIFT_OPTIMIZATION_LEVEL = "-O";
				VALIDATE_PRODUCT = YES;
			};
			name = Release;
		};
		BA86B3142FD3537A0061B10A /* Debug */ = {
			isa = XCBuildConfiguration;
			buildSettings = {
				ASSETCATALOG_COMPILER_APPICON_NAME = AppIcon;
				ASSETCATALOG_COMPILER_GLOBAL_ACCENT_COLOR_NAME = AccentColor;
				CODE_SIGN_STYLE = Automatic;
				CURRENT_PROJECT_VERSION = 1;
				DEVELOPMENT_ASSET_PATHS = "\"Nasmah/Preview Content\"";
				ENABLE_PREVIEWS = YES;
				GENERATE_INFOPLIST_FILE = YES;
				INFOPLIST_FILE = Nasmah/Info.plist;
				INFOPLIST_KEY_UIApplicationSceneManifest_Generation = YES;
				INFOPLIST_KEY_UIApplicationSupportsIndirectInputEvents = YES;
				INFOPLIST_KEY_UILaunchScreen_Generation = YES;
				INFOPLIST_KEY_UISupportedInterfaceOrientations_iPad = "UIInterfaceOrientationPortrait UIInterfaceOrientationPortraitUpsideDown UIInterfaceOrientationLandscapeLeft UIInterfaceOrientationLandscapeRight";
				INFOPLIST_KEY_UISupportedInterfaceOrientations_iPhone = "UIInterfaceOrientationPortrait UIInterfaceOrientationLandscapeLeft UIInterfaceOrientationLandscapeRight";
				LD_RUNPATH_SEARCH_PATHS = (
					"$(inherited)",
					"@executable_path/Frameworks",
				);
				MARKETING_VERSION = 1.0;
				PRODUCT_BUNDLE_IDENTIFIER = esraa.Nasmah;
				PRODUCT_NAME = "$(TARGET_NAME)";
				SWIFT_EMIT_LOC_STRINGS = YES;
				SWIFT_VERSION = 5.0;
				TARGETED_DEVICE_FAMILY = "1,2";
			};
			name = Debug;
		};
		BA86B3152FD3537A0061B10A /* Release */ = {
			isa = XCBuildConfiguration;
			buildSettings = {
				ASSETCATALOG_COMPILER_APPICON_NAME = AppIcon;
				ASSETCATALOG_COMPILER_GLOBAL_ACCENT_COLOR_NAME = AccentColor;
				CODE_SIGN_STYLE = Automatic;
				CURRENT_PROJECT_VERSION = 1;
				DEVELOPMENT_ASSET_PATHS = "\"Nasmah/Preview Content\"";
				ENABLE_PREVIEWS = YES;
				GENERATE_INFOPLIST_FILE = YES;
				INFOPLIST_FILE = Nasmah/Info.plist;
				INFOPLIST_KEY_UIApplicationSceneManifest_Generation = YES;
				INFOPLIST_KEY_UIApplicationSupportsIndirectInputEvents = YES;
				INFOPLIST_KEY_UILaunchScreen_Generation = YES;
				INFOPLIST_KEY_UISupportedInterfaceOrientations_iPad = "UIInterfaceOrientationPortrait UIInterfaceOrientationPortraitUpsideDown UIInterfaceOrientationLandscapeLeft UIInterfaceOrientationLandscapeRight";
				INFOPLIST_KEY_UISupportedInterfaceOrientations_iPhone = "UIInterfaceOrientationPortrait UIInterfaceOrientationLandscapeLeft UIInterfaceOrientationLandscapeRight";
				LD_RUNPATH_SEARCH_PATHS = (
					"$(inherited)",
					"@executable_path/Frameworks",
				);
				MARKETING_VERSION = 1.0;
				PRODUCT_BUNDLE_IDENTIFIER = esraa.Nasmah;
				PRODUCT_NAME = "$(TARGET_NAME)";
				SWIFT_EMIT_LOC_STRINGS = YES;
				SWIFT_VERSION = 5.0;
				TARGETED_DEVICE_FAMILY = "1,2";
			};
			name = Release;
		};
/* End XCBuildConfiguration section */

/* Begin XCConfigurationList section */
		BA86B2FB2FD353790061B10A /* Build configuration list for PBXProject "Nasmah" */ = {
			isa = XCConfigurationList;
			buildConfigurations = (
				BA86B3112FD3537A0061B10A /* Debug */,
				BA86B3122FD3537A0061B10A /* Release */,
			);
			defaultConfigurationIsVisible = 0;
			defaultConfigurationName = Release;
		};
		BA86B3132FD3537A0061B10A /* Build configuration list for PBXNativeTarget "Nasmah" */ = {
			isa = XCConfigurationList;
			buildConfigurations = (
				BA86B3142FD3537A0061B10A /* Debug */,
				BA86B3152FD3537A0061B10A /* Release */,
			);
			defaultConfigurationIsVisible = 0;
			defaultConfigurationName = Release;
		};
/* End XCConfigurationList section */

/* Begin XCRemoteSwiftPackageReference section */
		BADACBBE2FDA418600AE236D /* XCRemoteSwiftPackageReference "Alamofire" */ = {
			isa = XCRemoteSwiftPackageReference;
			repositoryURL = "https://github.com/Alamofire/Alamofire.git";
			requirement = {
				kind = exactVersion;
				version = 5.8.1;
			};
		};
/* End XCRemoteSwiftPackageReference section */

/* Begin XCSwiftPackageProductDependency section */
		BADACBBF2FDA418600AE236D /* Alamofire */ = {
			isa = XCSwiftPackageProductDependency;
			package = BADACBBE2FDA418600AE236D /* XCRemoteSwiftPackageReference "Alamofire" */;
			productName = Alamofire;
		};
/* End XCSwiftPackageProductDependency section */

/* Begin XCVersionGroup section */
		BA86B3482FD35AC80061B10A /* Nasmah.xcdatamodeld */ = {
			isa = XCVersionGroup;
			children = (
				BA86B3492FD35AC80061B10A /* Nasmah.xcdatamodel */,
			);
			currentVersion = BA86B3492FD35AC80061B10A /* Nasmah.xcdatamodel */;
			path = Nasmah.xcdatamodeld;
			sourceTree = "<group>";
			versionGroupType = wrapper.xcdatamodel;
		};
/* End XCVersionGroup section */
	};
	rootObject = BA86B2F82FD353790061B10A /* Project object */;
}
